PODS:
  - Apollo (0.9.4)
  - BigInt (5.2.0)
  - CryptoSwift (1.4.1)
  - Nimble (9.2.1)
  - PromiseKit (6.15.3):
    - PromiseKit/CorePromise (= 6.15.3)
    - PromiseKit/Foundation (= 6.15.3)
    - PromiseKit/UIKit (= 6.15.3)
  - PromiseKit/CorePromise (6.15.3)
  - PromiseKit/Foundation (6.15.3):
    - PromiseKit/CorePromise
  - PromiseKit/UIKit (6.15.3):
    - PromiseKit/CorePromise
  - Quick (4.0.0)
  - ReachabilitySwift (5.0.0)
  - secp256k1.c (0.1.2)
  - SQLCipher (4.4.3):
    - SQLCipher/standard (= 4.4.3)
  - SQLCipher/common (4.4.3)
  - SQLCipher/standard (4.4.3):
    - SQLCipher/common
  - SQLite.swift/SQLCipher (0.12.2):
    - SQLCipher (>= 3.4.0)
  - Starscream (4.0.4)
  - SwiftProtobuf (1.17.0)
  - web3swift (2.3.0):
    - BigInt (~> 5.2)
    - CryptoSwift (~> 1.4.0)
    - PromiseKit (~> 6.15.3)
    - secp256k1.c (~> 0.1)
    - Starscream (~> 4.0.4)

DEPENDENCIES:
  - Apollo (from `https://github.com/ArcBlock/apollo-ios.git`)
  - Nimble
  - Quick
  - ReachabilitySwift
  - SQLite.swift/SQLCipher (from `https://github.com/ArcBlock/SQLite.swift.git`)
  - SwiftProtobuf (~> 1.0)
  - web3swift (from `https://github.com/skywinder/web3swift.git`)

SPEC REPOS:
  trunk:
    - BigInt
    - CryptoSwift
    - Nimble
    - PromiseKit
    - Quick
    - ReachabilitySwift
    - secp256k1.c
    - SQLCipher
    - Starscream
    - SwiftProtobuf

EXTERNAL SOURCES:
  Apollo:
    :git: https://github.com/ArcBlock/apollo-ios.git
  SQLite.swift:
    :git: https://github.com/ArcBlock/SQLite.swift.git
  web3swift:
    :git: https://github.com/skywinder/web3swift.git

CHECKOUT OPTIONS:
  Apollo:
    :commit: 57df3cdf1f5f071a3fcdea5eb6834f08f280eff2
    :git: https://github.com/ArcBlock/apollo-ios.git
  SQLite.swift:
    :commit: 58c4b19367a8a29728673f8b11d4c90889ecee75
    :git: https://github.com/ArcBlock/SQLite.swift.git
  web3swift:
    :commit: a3b2acfe9afaa50361cb5178a94fdd9e505e50e9
    :git: https://github.com/skywinder/web3swift.git

SPEC CHECKSUMS:
  Apollo: 62d6b51db171203eee046596c7097cf3015e48e1
  BigInt: f668a80089607f521586bbe29513d708491ef2f7
  CryptoSwift: 0bc800a7e6a24c4fc9ebeab97d44b0d5f73a78bd
  Nimble: e7e615c0335ee4bf5b0d786685451e62746117d5
  PromiseKit: 3b2b6995e51a954c46dbc550ce3da44fbfb563c5
  Quick: 6473349e43b9271a8d43839d9ba1c442ed1b7ac4
  ReachabilitySwift: 985039c6f7b23a1da463388634119492ff86c825
  secp256k1.c: db47b726585d80f027423682eb369729e61b3b20
  SQLCipher: 155ffeafc9ac102e5c9b68e3e9a1297a98a27096
  SQLite.swift: 70f830d00b7ccd59dd634e2177d43f7541066fdc
  Starscream: 5178aed56b316f13fa3bc55694e583d35dd414d9
  SwiftProtobuf: 9c85136c6ba74b0a1b84279dbf0f6db8efb714e0
  web3swift: dcc8da6f0944a062faa381869ce64114ddb5f8d3

PODFILE CHECKSUM: b1bef1a1ef2fe4c08ebd489b69ef27f7cc2ded7e

COCOAPODS: 1.10.1
