// !$*UTF8*$!
{
	archiveVersion = 1;
	classes = {
	};
	objectVersion = 50;
	objects = {

/* Begin PBXBuildFile section */
		2712815D20A2483400530FB6 /* ABSDKObjectDataSourceSpec.swift in Sources */ = {isa = PBXBuildFile; fileRef = 2712815C20A2483400530FB6 /* ABSDKObjectDataSourceSpec.swift */; };
		2712818420A4F3B500530FB6 /* ABSDKTableViewDataSourceSpec.swift in Sources */ = {isa = PBXBuildFile; fileRef = 2712818320A4F3B500530FB6 /* ABSDKTableViewDataSourceSpec.swift */; };
		2715D3A2211ADBB700C631DB /* SwiftPhoenixClient.framework in Frameworks */ = {isa = PBXBuildFile; fileRef = 2715D3A1211ADBB700C631DB /* SwiftPhoenixClient.framework */; };
		27240D8B2119419400A4D2A2 /* ABSDKWebSocketTransport.swift in Sources */ = {isa = PBXBuildFile; fileRef = 27240D8A2119419400A4D2A2 /* ABSDKWebSocketTransport.swift */; };
		27240D8D211942ED00A4D2A2 /* Starscream.framework in Frameworks */ = {isa = PBXBuildFile; fileRef = 27240D8C211942ED00A4D2A2 /* Starscream.framework */; };
		2736343621902B8100A9ED97 /* CryptoSwift.framework in Frameworks */ = {isa = PBXBuildFile; fileRef = 2736343521902B8100A9ED97 /* CryptoSwift.framework */; };
		2739E55520EB5F49009EA0C3 /* ABSDKDataSource.swift in Sources */ = {isa = PBXBuildFile; fileRef = 2739E55420EB5F49009EA0C3 /* ABSDKDataSource.swift */; };
		2739E55720EC6FD0009EA0C3 /* ABSDKCollectionViewDataSourceSpec.swift in Sources */ = {isa = PBXBuildFile; fileRef = 2739E55620EC6FD0009EA0C3 /* ABSDKCollectionViewDataSourceSpec.swift */; };
		274B185A20E4D06A00884659 /* ABSDKClient.swift in Sources */ = {isa = PBXBuildFile; fileRef = 274B185920E4D06A00884659 /* ABSDKClient.swift */; };
		274B185D20E4DD8900884659 /* SQLite.framework in Frameworks */ = {isa = PBXBuildFile; fileRef = 274B185B20E4DD8900884659 /* SQLite.framework */; };
		274B185E20E4DD8900884659 /* Apollo.framework in Frameworks */ = {isa = PBXBuildFile; fileRef = 274B185C20E4DD8900884659 /* Apollo.framework */; };
		274B186020E603F700884659 /* Reachability.framework in Frameworks */ = {isa = PBXBuildFile; fileRef = 274B185F20E603F700884659 /* Reachability.framework */; };
		274B186220E6084700884659 /* ABSDKSQLLiteNormalizedCache.swift in Sources */ = {isa = PBXBuildFile; fileRef = 274B186120E6084700884659 /* ABSDKSQLLiteNormalizedCache.swift */; };
		275EC94D20F61C7100CAF356 /* ABSDKPagination.swift in Sources */ = {isa = PBXBuildFile; fileRef = 275EC94C20F61C7100CAF356 /* ABSDKPagination.swift */; };
		277E6B7F20A0DE340054707E /* ABSDKCoreKit.framework in Frameworks */ = {isa = PBXBuildFile; fileRef = 277E6B7620A0DE340054707E /* ABSDKCoreKit.framework */; };
		27878F83212CFEB400341023 /* ABSDKView.swift in Sources */ = {isa = PBXBuildFile; fileRef = 27878F82212CFEB400341023 /* ABSDKView.swift */; };
		278EF37220A0F54D00C99C1F /* ABSDKAccountKit.framework in Frameworks */ = {isa = PBXBuildFile; fileRef = 278EF36920A0F54D00C99C1F /* ABSDKAccountKit.framework */; };
		278EF37920A0F54D00C99C1F /* ABSDKAccountKit.h in Headers */ = {isa = PBXBuildFile; fileRef = 278EF36B20A0F54D00C99C1F /* ABSDKAccountKit.h */; settings = {ATTRIBUTES = (Public, ); }; };
		278EF38E20A0F5AC00C99C1F /* ABSDKMessagingKit.framework in Frameworks */ = {isa = PBXBuildFile; fileRef = 278EF38520A0F5AC00C99C1F /* ABSDKMessagingKit.framework */; };
		278EF39520A0F5AC00C99C1F /* ABSDKMessagingKit.h in Headers */ = {isa = PBXBuildFile; fileRef = 278EF38720A0F5AC00C99C1F /* ABSDKMessagingKit.h */; settings = {ATTRIBUTES = (Public, ); }; };
		278EF3AA20A0F5C200C99C1F /* ABSDKWalletKit.framework in Frameworks */ = {isa = PBXBuildFile; fileRef = 278EF3A120A0F5C100C99C1F /* ABSDKWalletKit.framework */; };
		278EF3B120A0F5C200C99C1F /* ABSDKWalletKit.h in Headers */ = {isa = PBXBuildFile; fileRef = 278EF3A320A0F5C100C99C1F /* ABSDKWalletKit.h */; settings = {ATTRIBUTES = (Public, ); }; };
		278EF3BA20A0FC6500C99C1F /* ABSDKMessagingKitSpec.swift in Sources */ = {isa = PBXBuildFile; fileRef = 278EF3B920A0FC6500C99C1F /* ABSDKMessagingKitSpec.swift */; };
		278EF3BD20A1009000C99C1F /* ABSDKWalletKitSpec.swift in Sources */ = {isa = PBXBuildFile; fileRef = 278EF3BC20A1009000C99C1F /* ABSDKWalletKitSpec.swift */; };
		278EF3C020A100E000C99C1F /* ABSDKAccountKitSpec.swift in Sources */ = {isa = PBXBuildFile; fileRef = 278EF3BF20A100E000C99C1F /* ABSDKAccountKitSpec.swift */; };
		278F9E172176E18A00C1852D /* ABSDKHTTPTransport.swift in Sources */ = {isa = PBXBuildFile; fileRef = 278F9E162176E18A00C1852D /* ABSDKHTTPTransport.swift */; };
		278FA9FB21269CA500C560FB /* ABSDKTableViewController.swift in Sources */ = {isa = PBXBuildFile; fileRef = 278FA9FA21269CA500C560FB /* ABSDKTableViewController.swift */; };
		279CD44220AC9F46009E1348 /* Nimble.framework in Frameworks */ = {isa = PBXBuildFile; fileRef = 279CD44020AC9F46009E1348 /* Nimble.framework */; };
		279CD44320AC9F46009E1348 /* Quick.framework in Frameworks */ = {isa = PBXBuildFile; fileRef = 279CD44120AC9F46009E1348 /* Quick.framework */; };
		279CD44620ACA967009E1348 /* ABSDKCoreKit.framework in Frameworks */ = {isa = PBXBuildFile; fileRef = 277E6B7620A0DE340054707E /* ABSDKCoreKit.framework */; };
		279CD44720ACA970009E1348 /* ABSDKCoreKit.framework in Frameworks */ = {isa = PBXBuildFile; fileRef = 277E6B7620A0DE340054707E /* ABSDKCoreKit.framework */; };
		279CD44820ACA977009E1348 /* ABSDKCoreKit.framework in Frameworks */ = {isa = PBXBuildFile; fileRef = 277E6B7620A0DE340054707E /* ABSDKCoreKit.framework */; };
		279CD44F20ACB2F5009E1348 /* Nimble.framework in Frameworks */ = {isa = PBXBuildFile; fileRef = 279CD44020AC9F46009E1348 /* Nimble.framework */; };
		279CD45020ACB2F5009E1348 /* Quick.framework in Frameworks */ = {isa = PBXBuildFile; fileRef = 279CD44120AC9F46009E1348 /* Quick.framework */; };
		279CD45120ACB307009E1348 /* Nimble.framework in Frameworks */ = {isa = PBXBuildFile; fileRef = 279CD44020AC9F46009E1348 /* Nimble.framework */; };
		279CD45220ACB307009E1348 /* Quick.framework in Frameworks */ = {isa = PBXBuildFile; fileRef = 279CD44120AC9F46009E1348 /* Quick.framework */; };
		279CD45320ACB31A009E1348 /* Nimble.framework in Frameworks */ = {isa = PBXBuildFile; fileRef = 279CD44020AC9F46009E1348 /* Nimble.framework */; };
		279CD45420ACB31A009E1348 /* Quick.framework in Frameworks */ = {isa = PBXBuildFile; fileRef = 279CD44120AC9F46009E1348 /* Quick.framework */; };
		27B5837A210972040095EDC1 /* ABSDKPagedArrayDataSource.swift in Sources */ = {isa = PBXBuildFile; fileRef = 27B58379210972040095EDC1 /* ABSDKPagedArrayDataSource.swift */; };
/* End PBXBuildFile section */

/* Begin PBXContainerItemProxy section */
		277E6B8020A0DE340054707E /* PBXContainerItemProxy */ = {
			isa = PBXContainerItemProxy;
			containerPortal = 277E6B4E20A0DAB50054707E /* Project object */;
			proxyType = 1;
			remoteGlobalIDString = 277E6B7520A0DE340054707E;
			remoteInfo = ABSDKCoreKit;
		};
		278EF37320A0F54D00C99C1F /* PBXContainerItemProxy */ = {
			isa = PBXContainerItemProxy;
			containerPortal = 277E6B4E20A0DAB50054707E /* Project object */;
			proxyType = 1;
			remoteGlobalIDString = 278EF36820A0F54D00C99C1F;
			remoteInfo = ABSDKAccountKit;
		};
		278EF38F20A0F5AC00C99C1F /* PBXContainerItemProxy */ = {
			isa = PBXContainerItemProxy;
			containerPortal = 277E6B4E20A0DAB50054707E /* Project object */;
			proxyType = 1;
			remoteGlobalIDString = 278EF38420A0F5AC00C99C1F;
			remoteInfo = ABSDKMessagingKit;
		};
		278EF3AB20A0F5C200C99C1F /* PBXContainerItemProxy */ = {
			isa = PBXContainerItemProxy;
			containerPortal = 277E6B4E20A0DAB50054707E /* Project object */;
			proxyType = 1;
			remoteGlobalIDString = 278EF3A020A0F5C100C99C1F;
			remoteInfo = ABSDKWalletKit;
		};
/* End PBXContainerItemProxy section */

/* Begin PBXFileReference section */
		2712815C20A2483400530FB6 /* ABSDKObjectDataSourceSpec.swift */ = {isa = PBXFileReference; lastKnownFileType = sourcecode.swift; path = ABSDKObjectDataSourceSpec.swift; sourceTree = "<group>"; };
		2712818320A4F3B500530FB6 /* ABSDKTableViewDataSourceSpec.swift */ = {isa = PBXFileReference; lastKnownFileType = sourcecode.swift; path = ABSDKTableViewDataSourceSpec.swift; sourceTree = "<group>"; };
		2715D3A1211ADBB700C631DB /* SwiftPhoenixClient.framework */ = {isa = PBXFileReference; lastKnownFileType = wrapper.framework; name = SwiftPhoenixClient.framework; path = Carthage/Build/iOS/SwiftPhoenixClient.framework; sourceTree = "<group>"; };
		27240D8A2119419400A4D2A2 /* ABSDKWebSocketTransport.swift */ = {isa = PBXFileReference; lastKnownFileType = sourcecode.swift; path = ABSDKWebSocketTransport.swift; sourceTree = "<group>"; };
		27240D8C211942ED00A4D2A2 /* Starscream.framework */ = {isa = PBXFileReference; lastKnownFileType = wrapper.framework; name = Starscream.framework; path = Carthage/Build/iOS/Starscream.framework; sourceTree = "<group>"; };
		2736343521902B8100A9ED97 /* CryptoSwift.framework */ = {isa = PBXFileReference; lastKnownFileType = wrapper.framework; name = CryptoSwift.framework; path = Carthage/Build/iOS/CryptoSwift.framework; sourceTree = "<group>"; };
		2739E55420EB5F49009EA0C3 /* ABSDKDataSource.swift */ = {isa = PBXFileReference; lastKnownFileType = sourcecode.swift; path = ABSDKDataSource.swift; sourceTree = "<group>"; };
		2739E55620EC6FD0009EA0C3 /* ABSDKCollectionViewDataSourceSpec.swift */ = {isa = PBXFileReference; lastKnownFileType = sourcecode.swift; path = ABSDKCollectionViewDataSourceSpec.swift; sourceTree = "<group>"; };
		274B185920E4D06A00884659 /* ABSDKClient.swift */ = {isa = PBXFileReference; lastKnownFileType = sourcecode.swift; path = ABSDKClient.swift; sourceTree = "<group>"; };
		274B185B20E4DD8900884659 /* SQLite.framework */ = {isa = PBXFileReference; lastKnownFileType = wrapper.framework; name = SQLite.framework; path = Carthage/Build/iOS/SQLite.framework; sourceTree = "<group>"; };
		274B185C20E4DD8900884659 /* Apollo.framework */ = {isa = PBXFileReference; lastKnownFileType = wrapper.framework; name = Apollo.framework; path = Carthage/Build/iOS/Apollo.framework; sourceTree = "<group>"; };
		274B185F20E603F700884659 /* Reachability.framework */ = {isa = PBXFileReference; lastKnownFileType = wrapper.framework; name = Reachability.framework; path = Carthage/Build/iOS/Reachability.framework; sourceTree = "<group>"; };
		274B186120E6084700884659 /* ABSDKSQLLiteNormalizedCache.swift */ = {isa = PBXFileReference; lastKnownFileType = sourcecode.swift; path = ABSDKSQLLiteNormalizedCache.swift; sourceTree = "<group>"; };
		275EC94C20F61C7100CAF356 /* ABSDKPagination.swift */ = {isa = PBXFileReference; lastKnownFileType = sourcecode.swift; path = ABSDKPagination.swift; sourceTree = "<group>"; };
		277E6B7620A0DE340054707E /* ABSDKCoreKit.framework */ = {isa = PBXFileReference; explicitFileType = wrapper.framework; includeInIndex = 0; path = ABSDKCoreKit.framework; sourceTree = BUILT_PRODUCTS_DIR; };
		277E6B7920A0DE340054707E /* Info.plist */ = {isa = PBXFileReference; lastKnownFileType = text.plist.xml; path = Info.plist; sourceTree = "<group>"; };
		277E6B7E20A0DE340054707E /* ABSDKCoreKitTests.xctest */ = {isa = PBXFileReference; explicitFileType = wrapper.cfbundle; includeInIndex = 0; path = ABSDKCoreKitTests.xctest; sourceTree = BUILT_PRODUCTS_DIR; };
		277E6B8520A0DE340054707E /* Info.plist */ = {isa = PBXFileReference; lastKnownFileType = text.plist.xml; path = Info.plist; sourceTree = "<group>"; };
		27878F82212CFEB400341023 /* ABSDKView.swift */ = {isa = PBXFileReference; fileEncoding = 4; lastKnownFileType = sourcecode.swift; path = ABSDKView.swift; sourceTree = "<group>"; };
		278EF36920A0F54D00C99C1F /* ABSDKAccountKit.framework */ = {isa = PBXFileReference; explicitFileType = wrapper.framework; includeInIndex = 0; path = ABSDKAccountKit.framework; sourceTree = BUILT_PRODUCTS_DIR; };
		278EF36B20A0F54D00C99C1F /* ABSDKAccountKit.h */ = {isa = PBXFileReference; lastKnownFileType = sourcecode.c.h; path = ABSDKAccountKit.h; sourceTree = "<group>"; };
		278EF36C20A0F54D00C99C1F /* Info.plist */ = {isa = PBXFileReference; lastKnownFileType = text.plist.xml; path = Info.plist; sourceTree = "<group>"; };
		278EF37120A0F54D00C99C1F /* ABSDKAccountKitTests.xctest */ = {isa = PBXFileReference; explicitFileType = wrapper.cfbundle; includeInIndex = 0; path = ABSDKAccountKitTests.xctest; sourceTree = BUILT_PRODUCTS_DIR; };
		278EF37820A0F54D00C99C1F /* Info.plist */ = {isa = PBXFileReference; lastKnownFileType = text.plist.xml; path = Info.plist; sourceTree = "<group>"; };
		278EF38520A0F5AC00C99C1F /* ABSDKMessagingKit.framework */ = {isa = PBXFileReference; explicitFileType = wrapper.framework; includeInIndex = 0; path = ABSDKMessagingKit.framework; sourceTree = BUILT_PRODUCTS_DIR; };
		278EF38720A0F5AC00C99C1F /* ABSDKMessagingKit.h */ = {isa = PBXFileReference; lastKnownFileType = sourcecode.c.h; path = ABSDKMessagingKit.h; sourceTree = "<group>"; };
		278EF38820A0F5AC00C99C1F /* Info.plist */ = {isa = PBXFileReference; lastKnownFileType = text.plist.xml; path = Info.plist; sourceTree = "<group>"; };
		278EF38D20A0F5AC00C99C1F /* ABSDKMessagingKitTests.xctest */ = {isa = PBXFileReference; explicitFileType = wrapper.cfbundle; includeInIndex = 0; path = ABSDKMessagingKitTests.xctest; sourceTree = BUILT_PRODUCTS_DIR; };
		278EF39420A0F5AC00C99C1F /* Info.plist */ = {isa = PBXFileReference; lastKnownFileType = text.plist.xml; path = Info.plist; sourceTree = "<group>"; };
		278EF3A120A0F5C100C99C1F /* ABSDKWalletKit.framework */ = {isa = PBXFileReference; explicitFileType = wrapper.framework; includeInIndex = 0; path = ABSDKWalletKit.framework; sourceTree = BUILT_PRODUCTS_DIR; };
		278EF3A320A0F5C100C99C1F /* ABSDKWalletKit.h */ = {isa = PBXFileReference; lastKnownFileType = sourcecode.c.h; path = ABSDKWalletKit.h; sourceTree = "<group>"; };
		278EF3A420A0F5C100C99C1F /* Info.plist */ = {isa = PBXFileReference; lastKnownFileType = text.plist.xml; path = Info.plist; sourceTree = "<group>"; };
		278EF3A920A0F5C200C99C1F /* ABSDKWalletKitTests.xctest */ = {isa = PBXFileReference; explicitFileType = wrapper.cfbundle; includeInIndex = 0; path = ABSDKWalletKitTests.xctest; sourceTree = BUILT_PRODUCTS_DIR; };
		278EF3B020A0F5C200C99C1F /* Info.plist */ = {isa = PBXFileReference; lastKnownFileType = text.plist.xml; path = Info.plist; sourceTree = "<group>"; };
		278EF3B820A0FC6500C99C1F /* ABSDKMessagingKitTests-Bridging-Header.h */ = {isa = PBXFileReference; lastKnownFileType = sourcecode.c.h; path = "ABSDKMessagingKitTests-Bridging-Header.h"; sourceTree = "<group>"; };
		278EF3B920A0FC6500C99C1F /* ABSDKMessagingKitSpec.swift */ = {isa = PBXFileReference; lastKnownFileType = sourcecode.swift; path = ABSDKMessagingKitSpec.swift; sourceTree = "<group>"; };
		278EF3BB20A1008F00C99C1F /* ABSDKWalletKitTests-Bridging-Header.h */ = {isa = PBXFileReference; lastKnownFileType = sourcecode.c.h; path = "ABSDKWalletKitTests-Bridging-Header.h"; sourceTree = "<group>"; };
		278EF3BC20A1009000C99C1F /* ABSDKWalletKitSpec.swift */ = {isa = PBXFileReference; lastKnownFileType = sourcecode.swift; path = ABSDKWalletKitSpec.swift; sourceTree = "<group>"; };
		278EF3BE20A100DF00C99C1F /* ABSDKAccountKitTests-Bridging-Header.h */ = {isa = PBXFileReference; lastKnownFileType = sourcecode.c.h; path = "ABSDKAccountKitTests-Bridging-Header.h"; sourceTree = "<group>"; };
		278EF3BF20A100E000C99C1F /* ABSDKAccountKitSpec.swift */ = {isa = PBXFileReference; lastKnownFileType = sourcecode.swift; path = ABSDKAccountKitSpec.swift; sourceTree = "<group>"; };
		278F9E162176E18A00C1852D /* ABSDKHTTPTransport.swift */ = {isa = PBXFileReference; lastKnownFileType = sourcecode.swift; path = ABSDKHTTPTransport.swift; sourceTree = "<group>"; };
		278FA9FA21269CA500C560FB /* ABSDKTableViewController.swift */ = {isa = PBXFileReference; lastKnownFileType = sourcecode.swift; path = ABSDKTableViewController.swift; sourceTree = "<group>"; };
		279CD42D20AC9EB5009E1348 /* YapDatabase.framework */ = {isa = PBXFileReference; lastKnownFileType = wrapper.framework; name = YapDatabase.framework; path = Carthage/Build/iOS/YapDatabase.framework; sourceTree = "<group>"; };
		279CD43A20AC9F37009E1348 /* KVOController.framework */ = {isa = PBXFileReference; lastKnownFileType = wrapper.framework; name = KVOController.framework; path = Carthage/Build/iOS/KVOController.framework; sourceTree = "<group>"; };
		279CD43B20AC9F37009E1348 /* SDWebImage.framework */ = {isa = PBXFileReference; lastKnownFileType = wrapper.framework; name = SDWebImage.framework; path = Carthage/Build/iOS/SDWebImage.framework; sourceTree = "<group>"; };
		279CD43C20AC9F37009E1348 /* CocoaLumberjack.framework */ = {isa = PBXFileReference; lastKnownFileType = wrapper.framework; name = CocoaLumberjack.framework; path = Carthage/Build/iOS/CocoaLumberjack.framework; sourceTree = "<group>"; };
		279CD44020AC9F46009E1348 /* Nimble.framework */ = {isa = PBXFileReference; lastKnownFileType = wrapper.framework; name = Nimble.framework; path = Carthage/Build/iOS/Nimble.framework; sourceTree = "<group>"; };
		279CD44120AC9F46009E1348 /* Quick.framework */ = {isa = PBXFileReference; lastKnownFileType = wrapper.framework; name = Quick.framework; path = Carthage/Build/iOS/Quick.framework; sourceTree = "<group>"; };
		27B58379210972040095EDC1 /* ABSDKPagedArrayDataSource.swift */ = {isa = PBXFileReference; fileEncoding = 4; lastKnownFileType = sourcecode.swift; path = ABSDKPagedArrayDataSource.swift; sourceTree = "<group>"; };
/* End PBXFileReference section */

/* Begin PBXFrameworksBuildPhase section */
		277E6B7220A0DE340054707E /* Frameworks */ = {
			isa = PBXFrameworksBuildPhase;
			buildActionMask = 2147483647;
			files = (
				2736343621902B8100A9ED97 /* CryptoSwift.framework in Frameworks */,
				2715D3A2211ADBB700C631DB /* SwiftPhoenixClient.framework in Frameworks */,
				27240D8D211942ED00A4D2A2 /* Starscream.framework in Frameworks */,
				274B186020E603F700884659 /* Reachability.framework in Frameworks */,
				274B185D20E4DD8900884659 /* SQLite.framework in Frameworks */,
				274B185E20E4DD8900884659 /* Apollo.framework in Frameworks */,
			);
			runOnlyForDeploymentPostprocessing = 0;
		};
		277E6B7B20A0DE340054707E /* Frameworks */ = {
			isa = PBXFrameworksBuildPhase;
			buildActionMask = 2147483647;
			files = (
				277E6B7F20A0DE340054707E /* ABSDKCoreKit.framework in Frameworks */,
				279CD44220AC9F46009E1348 /* Nimble.framework in Frameworks */,
				279CD44320AC9F46009E1348 /* Quick.framework in Frameworks */,
			);
			runOnlyForDeploymentPostprocessing = 0;
		};
		278EF36520A0F54D00C99C1F /* Frameworks */ = {
			isa = PBXFrameworksBuildPhase;
			buildActionMask = 2147483647;
			files = (
				279CD44620ACA967009E1348 /* ABSDKCoreKit.framework in Frameworks */,
			);
			runOnlyForDeploymentPostprocessing = 0;
		};
		278EF36E20A0F54D00C99C1F /* Frameworks */ = {
			isa = PBXFrameworksBuildPhase;
			buildActionMask = 2147483647;
			files = (
				279CD44F20ACB2F5009E1348 /* Nimble.framework in Frameworks */,
				279CD45020ACB2F5009E1348 /* Quick.framework in Frameworks */,
				278EF37220A0F54D00C99C1F /* ABSDKAccountKit.framework in Frameworks */,
			);
			runOnlyForDeploymentPostprocessing = 0;
		};
		278EF38120A0F5AC00C99C1F /* Frameworks */ = {
			isa = PBXFrameworksBuildPhase;
			buildActionMask = 2147483647;
			files = (
				279CD44720ACA970009E1348 /* ABSDKCoreKit.framework in Frameworks */,
			);
			runOnlyForDeploymentPostprocessing = 0;
		};
		278EF38A20A0F5AC00C99C1F /* Frameworks */ = {
			isa = PBXFrameworksBuildPhase;
			buildActionMask = 2147483647;
			files = (
				279CD45120ACB307009E1348 /* Nimble.framework in Frameworks */,
				279CD45220ACB307009E1348 /* Quick.framework in Frameworks */,
				278EF38E20A0F5AC00C99C1F /* ABSDKMessagingKit.framework in Frameworks */,
			);
			runOnlyForDeploymentPostprocessing = 0;
		};
		278EF39D20A0F5C100C99C1F /* Frameworks */ = {
			isa = PBXFrameworksBuildPhase;
			buildActionMask = 2147483647;
			files = (
				279CD44820ACA977009E1348 /* ABSDKCoreKit.framework in Frameworks */,
			);
			runOnlyForDeploymentPostprocessing = 0;
		};
		278EF3A620A0F5C200C99C1F /* Frameworks */ = {
			isa = PBXFrameworksBuildPhase;
			buildActionMask = 2147483647;
			files = (
				279CD45320ACB31A009E1348 /* Nimble.framework in Frameworks */,
				279CD45420ACB31A009E1348 /* Quick.framework in Frameworks */,
				278EF3AA20A0F5C200C99C1F /* ABSDKWalletKit.framework in Frameworks */,
			);
			runOnlyForDeploymentPostprocessing = 0;
		};
/* End PBXFrameworksBuildPhase section */

/* Begin PBXGroup section */
		277E6B4D20A0DAB50054707E = {
			isa = PBXGroup;
			children = (
				278EF36A20A0F54D00C99C1F /* ABSDKAccountKit */,
				278EF37520A0F54D00C99C1F /* ABSDKAccountKitTests */,
				277E6B7720A0DE340054707E /* ABSDKCoreKit */,
				277E6B8220A0DE340054707E /* ABSDKCoreKitTests */,
				278EF38620A0F5AC00C99C1F /* ABSDKMessagingKit */,
				278EF39120A0F5AC00C99C1F /* ABSDKMessagingKitTests */,
				278EF3A220A0F5C100C99C1F /* ABSDKWalletKit */,
				278EF3AD20A0F5C200C99C1F /* ABSDKWalletKitTests */,
				277E6B5A20A0DB160054707E /* Products */,
				279CD3D220AC8E11009E1348 /* Frameworks */,
			);
			sourceTree = "<group>";
		};
		277E6B5A20A0DB160054707E /* Products */ = {
			isa = PBXGroup;
			children = (
				277E6B7620A0DE340054707E /* ABSDKCoreKit.framework */,
				277E6B7E20A0DE340054707E /* ABSDKCoreKitTests.xctest */,
				278EF36920A0F54D00C99C1F /* ABSDKAccountKit.framework */,
				278EF37120A0F54D00C99C1F /* ABSDKAccountKitTests.xctest */,
				278EF38520A0F5AC00C99C1F /* ABSDKMessagingKit.framework */,
				278EF38D20A0F5AC00C99C1F /* ABSDKMessagingKitTests.xctest */,
				278EF3A120A0F5C100C99C1F /* ABSDKWalletKit.framework */,
				278EF3A920A0F5C200C99C1F /* ABSDKWalletKitTests.xctest */,
			);
			name = Products;
			sourceTree = "<group>";
		};
		277E6B7720A0DE340054707E /* ABSDKCoreKit */ = {
			isa = PBXGroup;
			children = (
				274B185920E4D06A00884659 /* ABSDKClient.swift */,
				2739E55420EB5F49009EA0C3 /* ABSDKDataSource.swift */,
				278F9E162176E18A00C1852D /* ABSDKHTTPTransport.swift */,
				27B58379210972040095EDC1 /* ABSDKPagedArrayDataSource.swift */,
				275EC94C20F61C7100CAF356 /* ABSDKPagination.swift */,
				274B186120E6084700884659 /* ABSDKSQLLiteNormalizedCache.swift */,
				278FA9FA21269CA500C560FB /* ABSDKTableViewController.swift */,
				27878F82212CFEB400341023 /* ABSDKView.swift */,
				27240D8A2119419400A4D2A2 /* ABSDKWebSocketTransport.swift */,
				277E6B7920A0DE340054707E /* Info.plist */,
			);
			path = ABSDKCoreKit;
			sourceTree = "<group>";
		};
		277E6B8220A0DE340054707E /* ABSDKCoreKitTests */ = {
			isa = PBXGroup;
			children = (
				2739E55620EC6FD0009EA0C3 /* ABSDKCollectionViewDataSourceSpec.swift */,
				2712815C20A2483400530FB6 /* ABSDKObjectDataSourceSpec.swift */,
				2712818320A4F3B500530FB6 /* ABSDKTableViewDataSourceSpec.swift */,
				277E6B8520A0DE340054707E /* Info.plist */,
			);
			path = ABSDKCoreKitTests;
			sourceTree = "<group>";
		};
		278EF36A20A0F54D00C99C1F /* ABSDKAccountKit */ = {
			isa = PBXGroup;
			children = (
				278EF36B20A0F54D00C99C1F /* ABSDKAccountKit.h */,
				278EF36C20A0F54D00C99C1F /* Info.plist */,
			);
			path = ABSDKAccountKit;
			sourceTree = "<group>";
		};
		278EF37520A0F54D00C99C1F /* ABSDKAccountKitTests */ = {
			isa = PBXGroup;
			children = (
				278EF37820A0F54D00C99C1F /* Info.plist */,
				278EF3BF20A100E000C99C1F /* ABSDKAccountKitSpec.swift */,
				278EF3BE20A100DF00C99C1F /* ABSDKAccountKitTests-Bridging-Header.h */,
			);
			path = ABSDKAccountKitTests;
			sourceTree = "<group>";
		};
		278EF38620A0F5AC00C99C1F /* ABSDKMessagingKit */ = {
			isa = PBXGroup;
			children = (
				278EF38720A0F5AC00C99C1F /* ABSDKMessagingKit.h */,
				278EF38820A0F5AC00C99C1F /* Info.plist */,
			);
			path = ABSDKMessagingKit;
			sourceTree = "<group>";
		};
		278EF39120A0F5AC00C99C1F /* ABSDKMessagingKitTests */ = {
			isa = PBXGroup;
			children = (
				278EF39420A0F5AC00C99C1F /* Info.plist */,
				278EF3B920A0FC6500C99C1F /* ABSDKMessagingKitSpec.swift */,
				278EF3B820A0FC6500C99C1F /* ABSDKMessagingKitTests-Bridging-Header.h */,
			);
			path = ABSDKMessagingKitTests;
			sourceTree = "<group>";
		};
		278EF3A220A0F5C100C99C1F /* ABSDKWalletKit */ = {
			isa = PBXGroup;
			children = (
				278EF3A320A0F5C100C99C1F /* ABSDKWalletKit.h */,
				278EF3A420A0F5C100C99C1F /* Info.plist */,
			);
			path = ABSDKWalletKit;
			sourceTree = "<group>";
		};
		278EF3AD20A0F5C200C99C1F /* ABSDKWalletKitTests */ = {
			isa = PBXGroup;
			children = (
				278EF3B020A0F5C200C99C1F /* Info.plist */,
				278EF3BC20A1009000C99C1F /* ABSDKWalletKitSpec.swift */,
				278EF3BB20A1008F00C99C1F /* ABSDKWalletKitTests-Bridging-Header.h */,
			);
			path = ABSDKWalletKitTests;
			sourceTree = "<group>";
		};
		279CD3D220AC8E11009E1348 /* Frameworks */ = {
			isa = PBXGroup;
			children = (
				2736343521902B8100A9ED97 /* CryptoSwift.framework */,
				2715D3A1211ADBB700C631DB /* SwiftPhoenixClient.framework */,
				27240D8C211942ED00A4D2A2 /* Starscream.framework */,
				274B185F20E603F700884659 /* Reachability.framework */,
				274B185C20E4DD8900884659 /* Apollo.framework */,
				274B185B20E4DD8900884659 /* SQLite.framework */,
				279CD44020AC9F46009E1348 /* Nimble.framework */,
				279CD44120AC9F46009E1348 /* Quick.framework */,
				279CD43C20AC9F37009E1348 /* CocoaLumberjack.framework */,
				279CD43A20AC9F37009E1348 /* KVOController.framework */,
				279CD43B20AC9F37009E1348 /* SDWebImage.framework */,
				279CD42D20AC9EB5009E1348 /* YapDatabase.framework */,
			);
			name = Frameworks;
			sourceTree = "<group>";
		};
/* End PBXGroup section */

/* Begin PBXHeadersBuildPhase section */
		277E6B7320A0DE340054707E /* Headers */ = {
			isa = PBXHeadersBuildPhase;
			buildActionMask = 2147483647;
			files = (
			);
			runOnlyForDeploymentPostprocessing = 0;
		};
		278EF36620A0F54D00C99C1F /* Headers */ = {
			isa = PBXHeadersBuildPhase;
			buildActionMask = 2147483647;
			files = (
				278EF37920A0F54D00C99C1F /* ABSDKAccountKit.h in Headers */,
			);
			runOnlyForDeploymentPostprocessing = 0;
		};
		278EF38220A0F5AC00C99C1F /* Headers */ = {
			isa = PBXHeadersBuildPhase;
			buildActionMask = 2147483647;
			files = (
				278EF39520A0F5AC00C99C1F /* ABSDKMessagingKit.h in Headers */,
			);
			runOnlyForDeploymentPostprocessing = 0;
		};
		278EF39E20A0F5C100C99C1F /* Headers */ = {
			isa = PBXHeadersBuildPhase;
			buildActionMask = 2147483647;
			files = (
				278EF3B120A0F5C200C99C1F /* ABSDKWalletKit.h in Headers */,
			);
			runOnlyForDeploymentPostprocessing = 0;
		};
/* End PBXHeadersBuildPhase section */

/* Begin PBXNativeTarget section */
		277E6B7520A0DE340054707E /* ABSDKCoreKit */ = {
			isa = PBXNativeTarget;
			buildConfigurationList = 277E6B8720A0DE340054707E /* Build configuration list for PBXNativeTarget "ABSDKCoreKit" */;
			buildPhases = (
				277E6B7120A0DE340054707E /* Sources */,
				277E6B7220A0DE340054707E /* Frameworks */,
				277E6B7320A0DE340054707E /* Headers */,
				277E6B7420A0DE340054707E /* Resources */,
				279CD44420ACA2E3009E1348 /* Copy Framework */,
			);
			buildRules = (
			);
			dependencies = (
			);
			name = ABSDKCoreKit;
			productName = ABSDKCoreKit;
			productReference = 277E6B7620A0DE340054707E /* ABSDKCoreKit.framework */;
			productType = "com.apple.product-type.framework";
		};
		277E6B7D20A0DE340054707E /* ABSDKCoreKitTests */ = {
			isa = PBXNativeTarget;
			buildConfigurationList = 277E6B8A20A0DE340054707E /* Build configuration list for PBXNativeTarget "ABSDKCoreKitTests" */;
			buildPhases = (
				277E6B7A20A0DE340054707E /* Sources */,
				277E6B7B20A0DE340054707E /* Frameworks */,
				277E6B7C20A0DE340054707E /* Resources */,
				2712815520A2428900530FB6 /* ShellScript */,
				279CD44520ACA46E009E1348 /* ShellScript */,
			);
			buildRules = (
			);
			dependencies = (
				277E6B8120A0DE340054707E /* PBXTargetDependency */,
			);
			name = ABSDKCoreKitTests;
			productName = ABSDKCoreKitTests;
			productReference = 277E6B7E20A0DE340054707E /* ABSDKCoreKitTests.xctest */;
			productType = "com.apple.product-type.bundle.unit-test";
		};
		278EF36820A0F54D00C99C1F /* ABSDKAccountKit */ = {
			isa = PBXNativeTarget;
			buildConfigurationList = 278EF37A20A0F54D00C99C1F /* Build configuration list for PBXNativeTarget "ABSDKAccountKit" */;
			buildPhases = (
				278EF36420A0F54D00C99C1F /* Sources */,
				278EF36520A0F54D00C99C1F /* Frameworks */,
				278EF36620A0F54D00C99C1F /* Headers */,
				278EF36720A0F54D00C99C1F /* Resources */,
			);
			buildRules = (
			);
			dependencies = (
			);
			name = ABSDKAccountKit;
			productName = ABSDKAccountKit;
			productReference = 278EF36920A0F54D00C99C1F /* ABSDKAccountKit.framework */;
			productType = "com.apple.product-type.framework";
		};
		278EF37020A0F54D00C99C1F /* ABSDKAccountKitTests */ = {
			isa = PBXNativeTarget;
			buildConfigurationList = 278EF37D20A0F54D00C99C1F /* Build configuration list for PBXNativeTarget "ABSDKAccountKitTests" */;
			buildPhases = (
				278EF36D20A0F54D00C99C1F /* Sources */,
				278EF36E20A0F54D00C99C1F /* Frameworks */,
				278EF36F20A0F54D00C99C1F /* Resources */,
				2712815720A2429700530FB6 /* ShellScript */,
				279CD45520ACB358009E1348 /* ShellScript */,
			);
			buildRules = (
			);
			dependencies = (
				278EF37420A0F54D00C99C1F /* PBXTargetDependency */,
			);
			name = ABSDKAccountKitTests;
			productName = ABSDKAccountKitTests;
			productReference = 278EF37120A0F54D00C99C1F /* ABSDKAccountKitTests.xctest */;
			productType = "com.apple.product-type.bundle.unit-test";
		};
		278EF38420A0F5AC00C99C1F /* ABSDKMessagingKit */ = {
			isa = PBXNativeTarget;
			buildConfigurationList = 278EF39620A0F5AC00C99C1F /* Build configuration list for PBXNativeTarget "ABSDKMessagingKit" */;
			buildPhases = (
				278EF38020A0F5AC00C99C1F /* Sources */,
				278EF38120A0F5AC00C99C1F /* Frameworks */,
				278EF38220A0F5AC00C99C1F /* Headers */,
				278EF38320A0F5AC00C99C1F /* Resources */,
			);
			buildRules = (
			);
			dependencies = (
			);
			name = ABSDKMessagingKit;
			productName = ABSDKMessagingKit;
			productReference = 278EF38520A0F5AC00C99C1F /* ABSDKMessagingKit.framework */;
			productType = "com.apple.product-type.framework";
		};
		278EF38C20A0F5AC00C99C1F /* ABSDKMessagingKitTests */ = {
			isa = PBXNativeTarget;
			buildConfigurationList = 278EF39920A0F5AC00C99C1F /* Build configuration list for PBXNativeTarget "ABSDKMessagingKitTests" */;
			buildPhases = (
				278EF38920A0F5AC00C99C1F /* Sources */,
				278EF38A20A0F5AC00C99C1F /* Frameworks */,
				278EF38B20A0F5AC00C99C1F /* Resources */,
				2712815920A242A400530FB6 /* ShellScript */,
				279CD45620ACB362009E1348 /* ShellScript */,
			);
			buildRules = (
			);
			dependencies = (
				278EF39020A0F5AC00C99C1F /* PBXTargetDependency */,
			);
			name = ABSDKMessagingKitTests;
			productName = ABSDKMessagingKitTests;
			productReference = 278EF38D20A0F5AC00C99C1F /* ABSDKMessagingKitTests.xctest */;
			productType = "com.apple.product-type.bundle.unit-test";
		};
		278EF3A020A0F5C100C99C1F /* ABSDKWalletKit */ = {
			isa = PBXNativeTarget;
			buildConfigurationList = 278EF3B220A0F5C200C99C1F /* Build configuration list for PBXNativeTarget "ABSDKWalletKit" */;
			buildPhases = (
				278EF39C20A0F5C100C99C1F /* Sources */,
				278EF39D20A0F5C100C99C1F /* Frameworks */,
				278EF39E20A0F5C100C99C1F /* Headers */,
				278EF39F20A0F5C100C99C1F /* Resources */,
			);
			buildRules = (
			);
			dependencies = (
			);
			name = ABSDKWalletKit;
			productName = ABSDKWalletKit;
			productReference = 278EF3A120A0F5C100C99C1F /* ABSDKWalletKit.framework */;
			productType = "com.apple.product-type.framework";
		};
		278EF3A820A0F5C200C99C1F /* ABSDKWalletKitTests */ = {
			isa = PBXNativeTarget;
			buildConfigurationList = 278EF3B520A0F5C200C99C1F /* Build configuration list for PBXNativeTarget "ABSDKWalletKitTests" */;
			buildPhases = (
				278EF3A520A0F5C200C99C1F /* Sources */,
				278EF3A620A0F5C200C99C1F /* Frameworks */,
				278EF3A720A0F5C200C99C1F /* Resources */,
				2712815B20A242B000530FB6 /* ShellScript */,
				279CD45720ACB36A009E1348 /* ShellScript */,
			);
			buildRules = (
			);
			dependencies = (
				278EF3AC20A0F5C200C99C1F /* PBXTargetDependency */,
			);
			name = ABSDKWalletKitTests;
			productName = ABSDKWalletKitTests;
			productReference = 278EF3A920A0F5C200C99C1F /* ABSDKWalletKitTests.xctest */;
			productType = "com.apple.product-type.bundle.unit-test";
		};
/* End PBXNativeTarget section */

/* Begin PBXProject section */
		277E6B4E20A0DAB50054707E /* Project object */ = {
			isa = PBXProject;
			attributes = {
				LastUpgradeCheck = 0930;
				TargetAttributes = {
					277E6B7520A0DE340054707E = {
						CreatedOnToolsVersion = 9.3;
						LastSwiftMigration = 0940;
					};
					277E6B7D20A0DE340054707E = {
						CreatedOnToolsVersion = 9.3;
						LastSwiftMigration = 0930;
					};
					278EF36820A0F54D00C99C1F = {
						CreatedOnToolsVersion = 9.3;
					};
					278EF37020A0F54D00C99C1F = {
						CreatedOnToolsVersion = 9.3;
						LastSwiftMigration = 0930;
					};
					278EF38420A0F5AC00C99C1F = {
						CreatedOnToolsVersion = 9.3;
					};
					278EF38C20A0F5AC00C99C1F = {
						CreatedOnToolsVersion = 9.3;
						LastSwiftMigration = 0930;
					};
					278EF3A020A0F5C100C99C1F = {
						CreatedOnToolsVersion = 9.3;
					};
					278EF3A820A0F5C200C99C1F = {
						CreatedOnToolsVersion = 9.3;
						LastSwiftMigration = 0930;
					};
				};
			};
			buildConfigurationList = 277E6B5120A0DAB50054707E /* Build configuration list for PBXProject "ArcBlockSDK" */;
			compatibilityVersion = "Xcode 9.3";
			developmentRegion = en;
			hasScannedForEncodings = 0;
			knownRegions = (
				en,
			);
			mainGroup = 277E6B4D20A0DAB50054707E;
			productRefGroup = 277E6B5A20A0DB160054707E /* Products */;
			projectDirPath = "";
			projectRoot = "";
			targets = (
				277E6B7520A0DE340054707E /* ABSDKCoreKit */,
				277E6B7D20A0DE340054707E /* ABSDKCoreKitTests */,
				278EF36820A0F54D00C99C1F /* ABSDKAccountKit */,
				278EF37020A0F54D00C99C1F /* ABSDKAccountKitTests */,
				278EF38420A0F5AC00C99C1F /* ABSDKMessagingKit */,
				278EF38C20A0F5AC00C99C1F /* ABSDKMessagingKitTests */,
				278EF3A020A0F5C100C99C1F /* ABSDKWalletKit */,
				278EF3A820A0F5C200C99C1F /* ABSDKWalletKitTests */,
			);
		};
/* End PBXProject section */

/* Begin PBXResourcesBuildPhase section */
		277E6B7420A0DE340054707E /* Resources */ = {
			isa = PBXResourcesBuildPhase;
			buildActionMask = 2147483647;
			files = (
			);
			runOnlyForDeploymentPostprocessing = 0;
		};
		277E6B7C20A0DE340054707E /* Resources */ = {
			isa = PBXResourcesBuildPhase;
			buildActionMask = 2147483647;
			files = (
			);
			runOnlyForDeploymentPostprocessing = 0;
		};
		278EF36720A0F54D00C99C1F /* Resources */ = {
			isa = PBXResourcesBuildPhase;
			buildActionMask = 2147483647;
			files = (
			);
			runOnlyForDeploymentPostprocessing = 0;
		};
		278EF36F20A0F54D00C99C1F /* Resources */ = {
			isa = PBXResourcesBuildPhase;
			buildActionMask = 2147483647;
			files = (
			);
			runOnlyForDeploymentPostprocessing = 0;
		};
		278EF38320A0F5AC00C99C1F /* Resources */ = {
			isa = PBXResourcesBuildPhase;
			buildActionMask = 2147483647;
			files = (
			);
			runOnlyForDeploymentPostprocessing = 0;
		};
		278EF38B20A0F5AC00C99C1F /* Resources */ = {
			isa = PBXResourcesBuildPhase;
			buildActionMask = 2147483647;
			files = (
			);
			runOnlyForDeploymentPostprocessing = 0;
		};
		278EF39F20A0F5C100C99C1F /* Resources */ = {
			isa = PBXResourcesBuildPhase;
			buildActionMask = 2147483647;
			files = (
			);
			runOnlyForDeploymentPostprocessing = 0;
		};
		278EF3A720A0F5C200C99C1F /* Resources */ = {
			isa = PBXResourcesBuildPhase;
			buildActionMask = 2147483647;
			files = (
			);
			runOnlyForDeploymentPostprocessing = 0;
		};
/* End PBXResourcesBuildPhase section */

/* Begin PBXShellScriptBuildPhase section */
		2712815520A2428900530FB6 /* ShellScript */ = {
			isa = PBXShellScriptBuildPhase;
			buildActionMask = 2147483647;
			files = (
			);
			inputPaths = (
			);
			outputPaths = (
			);
			runOnlyForDeploymentPostprocessing = 0;
			shellPath = /bin/sh;
			shellScript = "if which swiftlint >/dev/null; then\nswiftlint\nelse\necho \"warning: SwiftLint not installed, download from https://github.com/realm/SwiftLint\"\nfi";
		};
		2712815720A2429700530FB6 /* ShellScript */ = {
			isa = PBXShellScriptBuildPhase;
			buildActionMask = 2147483647;
			files = (
			);
			inputPaths = (
			);
			outputPaths = (
			);
			runOnlyForDeploymentPostprocessing = 0;
			shellPath = /bin/sh;
			shellScript = "if which swiftlint >/dev/null; then\nswiftlint\nelse\necho \"warning: SwiftLint not installed, download from https://github.com/realm/SwiftLint\"\nfi";
		};
		2712815920A242A400530FB6 /* ShellScript */ = {
			isa = PBXShellScriptBuildPhase;
			buildActionMask = 2147483647;
			files = (
			);
			inputPaths = (
			);
			outputPaths = (
			);
			runOnlyForDeploymentPostprocessing = 0;
			shellPath = /bin/sh;
			shellScript = "if which swiftlint >/dev/null; then\nswiftlint\nelse\necho \"warning: SwiftLint not installed, download from https://github.com/realm/SwiftLint\"\nfi";
		};
		2712815B20A242B000530FB6 /* ShellScript */ = {
			isa = PBXShellScriptBuildPhase;
			buildActionMask = 2147483647;
			files = (
			);
			inputPaths = (
			);
			outputPaths = (
			);
			runOnlyForDeploymentPostprocessing = 0;
			shellPath = /bin/sh;
			shellScript = "if which swiftlint >/dev/null; then\nswiftlint\nelse\necho \"warning: SwiftLint not installed, download from https://github.com/realm/SwiftLint\"\nfi";
		};
		279CD44420ACA2E3009E1348 /* Copy Framework */ = {
			isa = PBXShellScriptBuildPhase;
			buildActionMask = 2147483647;
			files = (
			);
			inputPaths = (
				"$(SRCROOT)/Carthage/Build/iOS/Apollo.framework",
				"$(SRCROOT)/Carthage/Build/iOS/SQLite.framework",
				"$(SRCROOT)/Carthage/Build/iOS/Reachability.framework",
				"$(SRCROOT)/Carthage/Build/iOS/Starscream.framework",
				"$(SRCROOT)/Carthage/Build/iOS/SwiftPhoenixClient.framework",
				"$(SRCROOT)/Carthage/Build/iOS/CryptoSwift.framework",
			);
			name = "Copy Framework";
			outputPaths = (
				"$(BUILT_PRODUCTS_DIR)/$(FRAMEWORKS_FOLDER_PATH)/Apollo.framework",
				"$(BUILT_PRODUCTS_DIR)/$(FRAMEWORKS_FOLDER_PATH)/SQLite.framework",
				"$(BUILT_PRODUCTS_DIR)/$(FRAMEWORKS_FOLDER_PATH)/Reachability.framework",
				"$(BUILT_PRODUCTS_DIR)/$(FRAMEWORKS_FOLDER_PATH)/Starscream.framework",
				"$(BUILT_PRODUCTS_DIR)/$(FRAMEWORKS_FOLDER_PATH)/SwiftPhoenixClient.framework",
				"$(BUILT_PRODUCTS_DIR)/$(FRAMEWORKS_FOLDER_PATH)/CryptoSwift.framework",
			);
			runOnlyForDeploymentPostprocessing = 0;
			shellPath = /bin/sh;
			shellScript = "/usr/local/bin/carthage copy-frameworks\n";
		};
		279CD44520ACA46E009E1348 /* ShellScript */ = {
			isa = PBXShellScriptBuildPhase;
			buildActionMask = 2147483647;
			files = (
			);
			inputPaths = (
				"$(SRCROOT)/Carthage/Build/iOS/Quick.framework",
				"$(SRCROOT)/Carthage/Build/iOS/Nimble.framework",
			);
			outputPaths = (
				"$(BUILT_PRODUCTS_DIR)/$(FRAMEWORKS_FOLDER_PATH)/Quick.framework",
				"$(BUILT_PRODUCTS_DIR)/$(FRAMEWORKS_FOLDER_PATH)/Nimble.framework",
			);
			runOnlyForDeploymentPostprocessing = 0;
			shellPath = /bin/sh;
			shellScript = "/usr/local/bin/carthage copy-frameworks";
		};
		279CD45520ACB358009E1348 /* ShellScript */ = {
			isa = PBXShellScriptBuildPhase;
			buildActionMask = 2147483647;
			files = (
			);
			inputPaths = (
				"$(SRCROOT)/Carthage/Build/iOS/Quick.framework",
				"$(SRCROOT)/Carthage/Build/iOS/Nimble.framework",
			);
			outputPaths = (
				"$(BUILT_PRODUCTS_DIR)/$(FRAMEWORKS_FOLDER_PATH)/Quick.framework",
				"$(BUILT_PRODUCTS_DIR)/$(FRAMEWORKS_FOLDER_PATH)/Nimble.framework",
			);
			runOnlyForDeploymentPostprocessing = 0;
			shellPath = /bin/sh;
			shellScript = "/usr/local/bin/carthage copy-frameworks";
		};
		279CD45620ACB362009E1348 /* ShellScript */ = {
			isa = PBXShellScriptBuildPhase;
			buildActionMask = 2147483647;
			files = (
			);
			inputPaths = (
				"$(SRCROOT)/Carthage/Build/iOS/Quick.framework",
				"$(SRCROOT)/Carthage/Build/iOS/Nimble.framework",
			);
			outputPaths = (
				"$(BUILT_PRODUCTS_DIR)/$(FRAMEWORKS_FOLDER_PATH)/Quick.framework",
				"$(BUILT_PRODUCTS_DIR)/$(FRAMEWORKS_FOLDER_PATH)/Nimble.framework",
			);
			runOnlyForDeploymentPostprocessing = 0;
			shellPath = /bin/sh;
			shellScript = "/usr/local/bin/carthage copy-frameworks";
		};
		279CD45720ACB36A009E1348 /* ShellScript */ = {
			isa = PBXShellScriptBuildPhase;
			buildActionMask = 2147483647;
			files = (
			);
			inputPaths = (
				"$(SRCROOT)/Carthage/Build/iOS/Quick.framework",
				"$(SRCROOT)/Carthage/Build/iOS/Nimble.framework",
			);
			outputPaths = (
				"$(BUILT_PRODUCTS_DIR)/$(FRAMEWORKS_FOLDER_PATH)/Quick.framework",
				"$(BUILT_PRODUCTS_DIR)/$(FRAMEWORKS_FOLDER_PATH)/Nimble.framework",
			);
			runOnlyForDeploymentPostprocessing = 0;
			shellPath = /bin/sh;
			shellScript = "/usr/local/bin/carthage copy-frameworks";
		};
/* End PBXShellScriptBuildPhase section */

/* Begin PBXSourcesBuildPhase section */
		277E6B7120A0DE340054707E /* Sources */ = {
			isa = PBXSourcesBuildPhase;
			buildActionMask = 2147483647;
			files = (
				27B5837A210972040095EDC1 /* ABSDKPagedArrayDataSource.swift in Sources */,
				274B185A20E4D06A00884659 /* ABSDKClient.swift in Sources */,
				27878F83212CFEB400341023 /* ABSDKView.swift in Sources */,
				2739E55520EB5F49009EA0C3 /* ABSDKDataSource.swift in Sources */,
				27240D8B2119419400A4D2A2 /* ABSDKWebSocketTransport.swift in Sources */,
				274B186220E6084700884659 /* ABSDKSQLLiteNormalizedCache.swift in Sources */,
				278FA9FB21269CA500C560FB /* ABSDKTableViewController.swift in Sources */,
				275EC94D20F61C7100CAF356 /* ABSDKPagination.swift in Sources */,
				278F9E172176E18A00C1852D /* ABSDKHTTPTransport.swift in Sources */,
			);
			runOnlyForDeploymentPostprocessing = 0;
		};
		277E6B7A20A0DE340054707E /* Sources */ = {
			isa = PBXSourcesBuildPhase;
			buildActionMask = 2147483647;
			files = (
				2712815D20A2483400530FB6 /* ABSDKObjectDataSourceSpec.swift in Sources */,
				2712818420A4F3B500530FB6 /* ABSDKTableViewDataSourceSpec.swift in Sources */,
				2739E55720EC6FD0009EA0C3 /* ABSDKCollectionViewDataSourceSpec.swift in Sources */,
			);
			runOnlyForDeploymentPostprocessing = 0;
		};
		278EF36420A0F54D00C99C1F /* Sources */ = {
			isa = PBXSourcesBuildPhase;
			buildActionMask = 2147483647;
			files = (
			);
			runOnlyForDeploymentPostprocessing = 0;
		};
		278EF36D20A0F54D00C99C1F /* Sources */ = {
			isa = PBXSourcesBuildPhase;
			buildActionMask = 2147483647;
			files = (
				278EF3C020A100E000C99C1F /* ABSDKAccountKitSpec.swift in Sources */,
			);
			runOnlyForDeploymentPostprocessing = 0;
		};
		278EF38020A0F5AC00C99C1F /* Sources */ = {
			isa = PBXSourcesBuildPhase;
			buildActionMask = 2147483647;
			files = (
			);
			runOnlyForDeploymentPostprocessing = 0;
		};
		278EF38920A0F5AC00C99C1F /* Sources */ = {
			isa = PBXSourcesBuildPhase;
			buildActionMask = 2147483647;
			files = (
				278EF3BA20A0FC6500C99C1F /* ABSDKMessagingKitSpec.swift in Sources */,
			);
			runOnlyForDeploymentPostprocessing = 0;
		};
		278EF39C20A0F5C100C99C1F /* Sources */ = {
			isa = PBXSourcesBuildPhase;
			buildActionMask = 2147483647;
			files = (
			);
			runOnlyForDeploymentPostprocessing = 0;
		};
		278EF3A520A0F5C200C99C1F /* Sources */ = {
			isa = PBXSourcesBuildPhase;
			buildActionMask = 2147483647;
			files = (
				278EF3BD20A1009000C99C1F /* ABSDKWalletKitSpec.swift in Sources */,
			);
			runOnlyForDeploymentPostprocessing = 0;
		};
/* End PBXSourcesBuildPhase section */

/* Begin PBXTargetDependency section */
		277E6B8120A0DE340054707E /* PBXTargetDependency */ = {
			isa = PBXTargetDependency;
			target = 277E6B7520A0DE340054707E /* ABSDKCoreKit */;
			targetProxy = 277E6B8020A0DE340054707E /* PBXContainerItemProxy */;
		};
		278EF37420A0F54D00C99C1F /* PBXTargetDependency */ = {
			isa = PBXTargetDependency;
			target = 278EF36820A0F54D00C99C1F /* ABSDKAccountKit */;
			targetProxy = 278EF37320A0F54D00C99C1F /* PBXContainerItemProxy */;
		};
		278EF39020A0F5AC00C99C1F /* PBXTargetDependency */ = {
			isa = PBXTargetDependency;
			target = 278EF38420A0F5AC00C99C1F /* ABSDKMessagingKit */;
			targetProxy = 278EF38F20A0F5AC00C99C1F /* PBXContainerItemProxy */;
		};
		278EF3AC20A0F5C200C99C1F /* PBXTargetDependency */ = {
			isa = PBXTargetDependency;
			target = 278EF3A020A0F5C100C99C1F /* ABSDKWalletKit */;
			targetProxy = 278EF3AB20A0F5C200C99C1F /* PBXContainerItemProxy */;
		};
/* End PBXTargetDependency section */

/* Begin XCBuildConfiguration section */
		277E6B5220A0DAB60054707E /* Debug */ = {
			isa = XCBuildConfiguration;
			buildSettings = {
				DEFINES_MODULE = YES;
				IPHONEOS_DEPLOYMENT_TARGET = 11.0;
			};
			name = Debug;
		};
		277E6B5320A0DAB60054707E /* Release */ = {
			isa = XCBuildConfiguration;
			buildSettings = {
				DEFINES_MODULE = YES;
				IPHONEOS_DEPLOYMENT_TARGET = 11.0;
			};
			name = Release;
		};
		277E6B8820A0DE340054707E /* Debug */ = {
			isa = XCBuildConfiguration;
			buildSettings = {
				ALWAYS_EMBED_SWIFT_STANDARD_LIBRARIES = YES;
				ALWAYS_SEARCH_USER_PATHS = NO;
				CLANG_ANALYZER_NONNULL = YES;
				CLANG_ANALYZER_NUMBER_OBJECT_CONVERSION = YES_AGGRESSIVE;
				CLANG_CXX_LANGUAGE_STANDARD = "gnu++14";
				CLANG_CXX_LIBRARY = "libc++";
				CLANG_ENABLE_MODULES = YES;
				CLANG_ENABLE_OBJC_ARC = YES;
				CLANG_ENABLE_OBJC_WEAK = YES;
				CLANG_WARN_BLOCK_CAPTURE_AUTORELEASING = YES;
				CLANG_WARN_BOOL_CONVERSION = YES;
				CLANG_WARN_COMMA = YES;
				CLANG_WARN_CONSTANT_CONVERSION = YES;
				CLANG_WARN_DEPRECATED_OBJC_IMPLEMENTATIONS = YES;
				CLANG_WARN_DIRECT_OBJC_ISA_USAGE = YES_ERROR;
				CLANG_WARN_DOCUMENTATION_COMMENTS = YES;
				CLANG_WARN_EMPTY_BODY = YES;
				CLANG_WARN_ENUM_CONVERSION = YES;
				CLANG_WARN_INFINITE_RECURSION = YES;
				CLANG_WARN_INT_CONVERSION = YES;
				CLANG_WARN_NON_LITERAL_NULL_CONVERSION = YES;
				CLANG_WARN_OBJC_IMPLICIT_RETAIN_SELF = YES;
				CLANG_WARN_OBJC_LITERAL_CONVERSION = YES;
				CLANG_WARN_OBJC_ROOT_CLASS = YES_ERROR;
				CLANG_WARN_RANGE_LOOP_ANALYSIS = YES;
				CLANG_WARN_STRICT_PROTOTYPES = YES;
				CLANG_WARN_SUSPICIOUS_MOVE = YES;
				CLANG_WARN_UNGUARDED_AVAILABILITY = YES_AGGRESSIVE;
				CLANG_WARN_UNREACHABLE_CODE = YES;
				CLANG_WARN__DUPLICATE_METHOD_MATCH = YES;
				CODE_SIGN_IDENTITY = "iPhone Developer";
				CODE_SIGN_STYLE = Automatic;
				COPY_PHASE_STRIP = NO;
				CURRENT_PROJECT_VERSION = 1;
				DEBUG_INFORMATION_FORMAT = dwarf;
				DEFINES_MODULE = YES;
				DEVELOPMENT_TEAM = LSJ46BL3NY;
				DYLIB_COMPATIBILITY_VERSION = 1;
				DYLIB_CURRENT_VERSION = 1;
				DYLIB_INSTALL_NAME_BASE = "@rpath";
				ENABLE_STRICT_OBJC_MSGSEND = YES;
				ENABLE_TESTABILITY = YES;
				FRAMEWORK_SEARCH_PATHS = "$(PROJECT_DIR)/Carthage/Build/iOS";
				GCC_C_LANGUAGE_STANDARD = gnu11;
				GCC_DYNAMIC_NO_PIC = NO;
				GCC_NO_COMMON_BLOCKS = YES;
				GCC_OPTIMIZATION_LEVEL = 0;
				GCC_PREPROCESSOR_DEFINITIONS = (
					"DEBUG=1",
					"$(inherited)",
				);
				GCC_WARN_64_TO_32_BIT_CONVERSION = YES;
				GCC_WARN_ABOUT_RETURN_TYPE = YES_ERROR;
				GCC_WARN_UNDECLARED_SELECTOR = YES;
				GCC_WARN_UNINITIALIZED_AUTOS = YES_AGGRESSIVE;
				GCC_WARN_UNUSED_FUNCTION = YES;
				GCC_WARN_UNUSED_VARIABLE = YES;
				INFOPLIST_FILE = ABSDKCoreKit/Info.plist;
				INSTALL_PATH = "$(LOCAL_LIBRARY_DIR)/Frameworks";
				IPHONEOS_DEPLOYMENT_TARGET = 11.0;
				LD_RUNPATH_SEARCH_PATHS = (
					"$(inherited)",
					"@executable_path/Frameworks",
					"@loader_path/Frameworks",
				);
				MTL_ENABLE_DEBUG_INFO = YES;
				ONLY_ACTIVE_ARCH = YES;
				PRODUCT_BUNDLE_IDENTIFIER = io.arcblock.ABSDKCoreKit;
				PRODUCT_NAME = "$(TARGET_NAME:c99extidentifier)";
				SDKROOT = iphoneos;
				SKIP_INSTALL = YES;
				SWIFT_OPTIMIZATION_LEVEL = "-Onone";
				SWIFT_VERSION = 4.2;
				TARGETED_DEVICE_FAMILY = "1,2";
				VERSIONING_SYSTEM = "apple-generic";
				VERSION_INFO_PREFIX = "";
			};
			name = Debug;
		};
		277E6B8920A0DE340054707E /* Release */ = {
			isa = XCBuildConfiguration;
			buildSettings = {
				ALWAYS_SEARCH_USER_PATHS = NO;
				CLANG_ANALYZER_NONNULL = YES;
				CLANG_ANALYZER_NUMBER_OBJECT_CONVERSION = YES_AGGRESSIVE;
				CLANG_CXX_LANGUAGE_STANDARD = "gnu++14";
				CLANG_CXX_LIBRARY = "libc++";
				CLANG_ENABLE_MODULES = YES;
				CLANG_ENABLE_OBJC_ARC = YES;
				CLANG_ENABLE_OBJC_WEAK = YES;
				CLANG_WARN_BLOCK_CAPTURE_AUTORELEASING = YES;
				CLANG_WARN_BOOL_CONVERSION = YES;
				CLANG_WARN_COMMA = YES;
				CLANG_WARN_CONSTANT_CONVERSION = YES;
				CLANG_WARN_DEPRECATED_OBJC_IMPLEMENTATIONS = YES;
				CLANG_WARN_DIRECT_OBJC_ISA_USAGE = YES_ERROR;
				CLANG_WARN_DOCUMENTATION_COMMENTS = YES;
				CLANG_WARN_EMPTY_BODY = YES;
				CLANG_WARN_ENUM_CONVERSION = YES;
				CLANG_WARN_INFINITE_RECURSION = YES;
				CLANG_WARN_INT_CONVERSION = YES;
				CLANG_WARN_NON_LITERAL_NULL_CONVERSION = YES;
				CLANG_WARN_OBJC_IMPLICIT_RETAIN_SELF = YES;
				CLANG_WARN_OBJC_LITERAL_CONVERSION = YES;
				CLANG_WARN_OBJC_ROOT_CLASS = YES_ERROR;
				CLANG_WARN_RANGE_LOOP_ANALYSIS = YES;
				CLANG_WARN_STRICT_PROTOTYPES = YES;
				CLANG_WARN_SUSPICIOUS_MOVE = YES;
				CLANG_WARN_UNGUARDED_AVAILABILITY = YES_AGGRESSIVE;
				CLANG_WARN_UNREACHABLE_CODE = YES;
				CLANG_WARN__DUPLICATE_METHOD_MATCH = YES;
				CODE_SIGN_IDENTITY = "iPhone Developer";
				CODE_SIGN_STYLE = Automatic;
				COPY_PHASE_STRIP = NO;
				CURRENT_PROJECT_VERSION = 1;
				DEBUG_INFORMATION_FORMAT = "dwarf-with-dsym";
				DEFINES_MODULE = YES;
				DEVELOPMENT_TEAM = LSJ46BL3NY;
				DYLIB_COMPATIBILITY_VERSION = 1;
				DYLIB_CURRENT_VERSION = 1;
				DYLIB_INSTALL_NAME_BASE = "@rpath";
				ENABLE_NS_ASSERTIONS = NO;
				ENABLE_STRICT_OBJC_MSGSEND = YES;
				FRAMEWORK_SEARCH_PATHS = "$(PROJECT_DIR)/Carthage/Build/iOS";
				GCC_C_LANGUAGE_STANDARD = gnu11;
				GCC_NO_COMMON_BLOCKS = YES;
				GCC_WARN_64_TO_32_BIT_CONVERSION = YES;
				GCC_WARN_ABOUT_RETURN_TYPE = YES_ERROR;
				GCC_WARN_UNDECLARED_SELECTOR = YES;
				GCC_WARN_UNINITIALIZED_AUTOS = YES_AGGRESSIVE;
				GCC_WARN_UNUSED_FUNCTION = YES;
				GCC_WARN_UNUSED_VARIABLE = YES;
				INFOPLIST_FILE = ABSDKCoreKit/Info.plist;
				INSTALL_PATH = "$(LOCAL_LIBRARY_DIR)/Frameworks";
				IPHONEOS_DEPLOYMENT_TARGET = 11.0;
				LD_RUNPATH_SEARCH_PATHS = (
					"$(inherited)",
					"@executable_path/Frameworks",
					"@loader_path/Frameworks",
				);
				MTL_ENABLE_DEBUG_INFO = NO;
				PRODUCT_BUNDLE_IDENTIFIER = io.arcblock.ABSDKCoreKit;
				PRODUCT_NAME = "$(TARGET_NAME:c99extidentifier)";
				SDKROOT = iphoneos;
				SKIP_INSTALL = YES;
				SWIFT_VERSION = 4.2;
				TARGETED_DEVICE_FAMILY = "1,2";
				VALIDATE_PRODUCT = YES;
				VERSIONING_SYSTEM = "apple-generic";
				VERSION_INFO_PREFIX = "";
			};
			name = Release;
		};
		277E6B8B20A0DE340054707E /* Debug */ = {
			isa = XCBuildConfiguration;
			buildSettings = {
				ALWAYS_EMBED_SWIFT_STANDARD_LIBRARIES = YES;
				ALWAYS_SEARCH_USER_PATHS = NO;
				CLANG_ANALYZER_NONNULL = YES;
				CLANG_ANALYZER_NUMBER_OBJECT_CONVERSION = YES_AGGRESSIVE;
				CLANG_CXX_LANGUAGE_STANDARD = "gnu++14";
				CLANG_CXX_LIBRARY = "libc++";
				CLANG_ENABLE_MODULES = YES;
				CLANG_ENABLE_OBJC_ARC = YES;
				CLANG_ENABLE_OBJC_WEAK = YES;
				CLANG_WARN_BLOCK_CAPTURE_AUTORELEASING = YES;
				CLANG_WARN_BOOL_CONVERSION = YES;
				CLANG_WARN_COMMA = YES;
				CLANG_WARN_CONSTANT_CONVERSION = YES;
				CLANG_WARN_DEPRECATED_OBJC_IMPLEMENTATIONS = YES;
				CLANG_WARN_DIRECT_OBJC_ISA_USAGE = YES_ERROR;
				CLANG_WARN_DOCUMENTATION_COMMENTS = YES;
				CLANG_WARN_EMPTY_BODY = YES;
				CLANG_WARN_ENUM_CONVERSION = YES;
				CLANG_WARN_INFINITE_RECURSION = YES;
				CLANG_WARN_INT_CONVERSION = YES;
				CLANG_WARN_NON_LITERAL_NULL_CONVERSION = YES;
				CLANG_WARN_OBJC_IMPLICIT_RETAIN_SELF = YES;
				CLANG_WARN_OBJC_LITERAL_CONVERSION = YES;
				CLANG_WARN_OBJC_ROOT_CLASS = YES_ERROR;
				CLANG_WARN_RANGE_LOOP_ANALYSIS = YES;
				CLANG_WARN_STRICT_PROTOTYPES = YES;
				CLANG_WARN_SUSPICIOUS_MOVE = YES;
				CLANG_WARN_UNGUARDED_AVAILABILITY = YES_AGGRESSIVE;
				CLANG_WARN_UNREACHABLE_CODE = YES;
				CLANG_WARN__DUPLICATE_METHOD_MATCH = YES;
				CODE_SIGN_IDENTITY = "iPhone Developer";
				CODE_SIGN_STYLE = Automatic;
				COPY_PHASE_STRIP = NO;
				DEBUG_INFORMATION_FORMAT = dwarf;
				DEVELOPMENT_TEAM = LSJ46BL3NY;
				ENABLE_STRICT_OBJC_MSGSEND = YES;
				ENABLE_TESTABILITY = YES;
				FRAMEWORK_SEARCH_PATHS = (
					"$(inherited)",
					"$(PROJECT_DIR)/Carthage/Build/iOS",
				);
				GCC_C_LANGUAGE_STANDARD = gnu11;
				GCC_DYNAMIC_NO_PIC = NO;
				GCC_NO_COMMON_BLOCKS = YES;
				GCC_OPTIMIZATION_LEVEL = 0;
				GCC_PREPROCESSOR_DEFINITIONS = (
					"DEBUG=1",
					"$(inherited)",
				);
				GCC_WARN_64_TO_32_BIT_CONVERSION = YES;
				GCC_WARN_ABOUT_RETURN_TYPE = YES_ERROR;
				GCC_WARN_UNDECLARED_SELECTOR = YES;
				GCC_WARN_UNINITIALIZED_AUTOS = YES_AGGRESSIVE;
				GCC_WARN_UNUSED_FUNCTION = YES;
				GCC_WARN_UNUSED_VARIABLE = YES;
				INFOPLIST_FILE = ABSDKCoreKitTests/Info.plist;
				IPHONEOS_DEPLOYMENT_TARGET = 11.3;
				LD_RUNPATH_SEARCH_PATHS = (
					"$(inherited)",
					"@executable_path/Frameworks",
					"@loader_path/Frameworks",
				);
				MTL_ENABLE_DEBUG_INFO = YES;
				ONLY_ACTIVE_ARCH = YES;
				PRODUCT_BUNDLE_IDENTIFIER = io.arcblock.ABSDKCoreKitTests;
				PRODUCT_NAME = "$(TARGET_NAME)";
				SDKROOT = iphoneos;
				SWIFT_OBJC_BRIDGING_HEADER = "";
				SWIFT_OPTIMIZATION_LEVEL = "-Onone";
				SWIFT_VERSION = 4.2;
				TARGETED_DEVICE_FAMILY = "1,2";
			};
			name = Debug;
		};
		277E6B8C20A0DE340054707E /* Release */ = {
			isa = XCBuildConfiguration;
			buildSettings = {
				ALWAYS_EMBED_SWIFT_STANDARD_LIBRARIES = YES;
				ALWAYS_SEARCH_USER_PATHS = NO;
				CLANG_ANALYZER_NONNULL = YES;
				CLANG_ANALYZER_NUMBER_OBJECT_CONVERSION = YES_AGGRESSIVE;
				CLANG_CXX_LANGUAGE_STANDARD = "gnu++14";
				CLANG_CXX_LIBRARY = "libc++";
				CLANG_ENABLE_MODULES = YES;
				CLANG_ENABLE_OBJC_ARC = YES;
				CLANG_ENABLE_OBJC_WEAK = YES;
				CLANG_WARN_BLOCK_CAPTURE_AUTORELEASING = YES;
				CLANG_WARN_BOOL_CONVERSION = YES;
				CLANG_WARN_COMMA = YES;
				CLANG_WARN_CONSTANT_CONVERSION = YES;
				CLANG_WARN_DEPRECATED_OBJC_IMPLEMENTATIONS = YES;
				CLANG_WARN_DIRECT_OBJC_ISA_USAGE = YES_ERROR;
				CLANG_WARN_DOCUMENTATION_COMMENTS = YES;
				CLANG_WARN_EMPTY_BODY = YES;
				CLANG_WARN_ENUM_CONVERSION = YES;
				CLANG_WARN_INFINITE_RECURSION = YES;
				CLANG_WARN_INT_CONVERSION = YES;
				CLANG_WARN_NON_LITERAL_NULL_CONVERSION = YES;
				CLANG_WARN_OBJC_IMPLICIT_RETAIN_SELF = YES;
				CLANG_WARN_OBJC_LITERAL_CONVERSION = YES;
				CLANG_WARN_OBJC_ROOT_CLASS = YES_ERROR;
				CLANG_WARN_RANGE_LOOP_ANALYSIS = YES;
				CLANG_WARN_STRICT_PROTOTYPES = YES;
				CLANG_WARN_SUSPICIOUS_MOVE = YES;
				CLANG_WARN_UNGUARDED_AVAILABILITY = YES_AGGRESSIVE;
				CLANG_WARN_UNREACHABLE_CODE = YES;
				CLANG_WARN__DUPLICATE_METHOD_MATCH = YES;
				CODE_SIGN_IDENTITY = "iPhone Developer";
				CODE_SIGN_STYLE = Automatic;
				COPY_PHASE_STRIP = NO;
				DEBUG_INFORMATION_FORMAT = "dwarf-with-dsym";
				DEVELOPMENT_TEAM = LSJ46BL3NY;
				ENABLE_NS_ASSERTIONS = NO;
				ENABLE_STRICT_OBJC_MSGSEND = YES;
				FRAMEWORK_SEARCH_PATHS = (
					"$(inherited)",
					"$(PROJECT_DIR)/Carthage/Build/iOS",
				);
				GCC_C_LANGUAGE_STANDARD = gnu11;
				GCC_NO_COMMON_BLOCKS = YES;
				GCC_WARN_64_TO_32_BIT_CONVERSION = YES;
				GCC_WARN_ABOUT_RETURN_TYPE = YES_ERROR;
				GCC_WARN_UNDECLARED_SELECTOR = YES;
				GCC_WARN_UNINITIALIZED_AUTOS = YES_AGGRESSIVE;
				GCC_WARN_UNUSED_FUNCTION = YES;
				GCC_WARN_UNUSED_VARIABLE = YES;
				INFOPLIST_FILE = ABSDKCoreKitTests/Info.plist;
				IPHONEOS_DEPLOYMENT_TARGET = 11.3;
				LD_RUNPATH_SEARCH_PATHS = (
					"$(inherited)",
					"@executable_path/Frameworks",
					"@loader_path/Frameworks",
				);
				MTL_ENABLE_DEBUG_INFO = NO;
				PRODUCT_BUNDLE_IDENTIFIER = io.arcblock.ABSDKCoreKitTests;
				PRODUCT_NAME = "$(TARGET_NAME)";
				SDKROOT = iphoneos;
				SWIFT_OBJC_BRIDGING_HEADER = "";
				SWIFT_VERSION = 4.2;
				TARGETED_DEVICE_FAMILY = "1,2";
				VALIDATE_PRODUCT = YES;
			};
			name = Release;
		};
		278EF37B20A0F54D00C99C1F /* Debug */ = {
			isa = XCBuildConfiguration;
			buildSettings = {
				ALWAYS_EMBED_SWIFT_STANDARD_LIBRARIES = YES;
				ALWAYS_SEARCH_USER_PATHS = NO;
				CLANG_ANALYZER_NONNULL = YES;
				CLANG_ANALYZER_NUMBER_OBJECT_CONVERSION = YES_AGGRESSIVE;
				CLANG_CXX_LANGUAGE_STANDARD = "gnu++14";
				CLANG_CXX_LIBRARY = "libc++";
				CLANG_ENABLE_MODULES = YES;
				CLANG_ENABLE_OBJC_ARC = YES;
				CLANG_ENABLE_OBJC_WEAK = YES;
				CLANG_WARN_BLOCK_CAPTURE_AUTORELEASING = YES;
				CLANG_WARN_BOOL_CONVERSION = YES;
				CLANG_WARN_COMMA = YES;
				CLANG_WARN_CONSTANT_CONVERSION = YES;
				CLANG_WARN_DEPRECATED_OBJC_IMPLEMENTATIONS = YES;
				CLANG_WARN_DIRECT_OBJC_ISA_USAGE = YES_ERROR;
				CLANG_WARN_DOCUMENTATION_COMMENTS = YES;
				CLANG_WARN_EMPTY_BODY = YES;
				CLANG_WARN_ENUM_CONVERSION = YES;
				CLANG_WARN_INFINITE_RECURSION = YES;
				CLANG_WARN_INT_CONVERSION = YES;
				CLANG_WARN_NON_LITERAL_NULL_CONVERSION = YES;
				CLANG_WARN_OBJC_IMPLICIT_RETAIN_SELF = YES;
				CLANG_WARN_OBJC_LITERAL_CONVERSION = YES;
				CLANG_WARN_OBJC_ROOT_CLASS = YES_ERROR;
				CLANG_WARN_RANGE_LOOP_ANALYSIS = YES;
				CLANG_WARN_STRICT_PROTOTYPES = YES;
				CLANG_WARN_SUSPICIOUS_MOVE = YES;
				CLANG_WARN_UNGUARDED_AVAILABILITY = YES_AGGRESSIVE;
				CLANG_WARN_UNREACHABLE_CODE = YES;
				CLANG_WARN__DUPLICATE_METHOD_MATCH = YES;
				CODE_SIGN_IDENTITY = "iPhone Developer";
				CODE_SIGN_STYLE = Automatic;
				COPY_PHASE_STRIP = NO;
				CURRENT_PROJECT_VERSION = 1;
				DEBUG_INFORMATION_FORMAT = dwarf;
				DEFINES_MODULE = YES;
				DEVELOPMENT_TEAM = LSJ46BL3NY;
				DYLIB_COMPATIBILITY_VERSION = 1;
				DYLIB_CURRENT_VERSION = 1;
				DYLIB_INSTALL_NAME_BASE = "@rpath";
				ENABLE_STRICT_OBJC_MSGSEND = YES;
				ENABLE_TESTABILITY = YES;
				FRAMEWORK_SEARCH_PATHS = (
					"$(inherited)",
					"$(PROJECT_DIR)/Carthage/Build/iOS",
				);
				GCC_C_LANGUAGE_STANDARD = gnu11;
				GCC_DYNAMIC_NO_PIC = NO;
				GCC_NO_COMMON_BLOCKS = YES;
				GCC_OPTIMIZATION_LEVEL = 0;
				GCC_PREPROCESSOR_DEFINITIONS = (
					"DEBUG=1",
					"$(inherited)",
				);
				GCC_WARN_64_TO_32_BIT_CONVERSION = YES;
				GCC_WARN_ABOUT_RETURN_TYPE = YES_ERROR;
				GCC_WARN_UNDECLARED_SELECTOR = YES;
				GCC_WARN_UNINITIALIZED_AUTOS = YES_AGGRESSIVE;
				GCC_WARN_UNUSED_FUNCTION = YES;
				GCC_WARN_UNUSED_VARIABLE = YES;
				INFOPLIST_FILE = ABSDKAccountKit/Info.plist;
				INSTALL_PATH = "$(LOCAL_LIBRARY_DIR)/Frameworks";
				IPHONEOS_DEPLOYMENT_TARGET = 11.0;
				LD_RUNPATH_SEARCH_PATHS = (
					"$(inherited)",
					"@executable_path/Frameworks",
					"@loader_path/Frameworks",
				);
				MTL_ENABLE_DEBUG_INFO = YES;
				ONLY_ACTIVE_ARCH = YES;
				PRODUCT_BUNDLE_IDENTIFIER = io.arcblock.ABSDKAccountKit;
				PRODUCT_NAME = "$(TARGET_NAME:c99extidentifier)";
				SDKROOT = iphoneos;
				SKIP_INSTALL = YES;
				TARGETED_DEVICE_FAMILY = "1,2";
				VERSIONING_SYSTEM = "apple-generic";
				VERSION_INFO_PREFIX = "";
			};
			name = Debug;
		};
		278EF37C20A0F54D00C99C1F /* Release */ = {
			isa = XCBuildConfiguration;
			buildSettings = {
				ALWAYS_SEARCH_USER_PATHS = NO;
				CLANG_ANALYZER_NONNULL = YES;
				CLANG_ANALYZER_NUMBER_OBJECT_CONVERSION = YES_AGGRESSIVE;
				CLANG_CXX_LANGUAGE_STANDARD = "gnu++14";
				CLANG_CXX_LIBRARY = "libc++";
				CLANG_ENABLE_MODULES = YES;
				CLANG_ENABLE_OBJC_ARC = YES;
				CLANG_ENABLE_OBJC_WEAK = YES;
				CLANG_WARN_BLOCK_CAPTURE_AUTORELEASING = YES;
				CLANG_WARN_BOOL_CONVERSION = YES;
				CLANG_WARN_COMMA = YES;
				CLANG_WARN_CONSTANT_CONVERSION = YES;
				CLANG_WARN_DEPRECATED_OBJC_IMPLEMENTATIONS = YES;
				CLANG_WARN_DIRECT_OBJC_ISA_USAGE = YES_ERROR;
				CLANG_WARN_DOCUMENTATION_COMMENTS = YES;
				CLANG_WARN_EMPTY_BODY = YES;
				CLANG_WARN_ENUM_CONVERSION = YES;
				CLANG_WARN_INFINITE_RECURSION = YES;
				CLANG_WARN_INT_CONVERSION = YES;
				CLANG_WARN_NON_LITERAL_NULL_CONVERSION = YES;
				CLANG_WARN_OBJC_IMPLICIT_RETAIN_SELF = YES;
				CLANG_WARN_OBJC_LITERAL_CONVERSION = YES;
				CLANG_WARN_OBJC_ROOT_CLASS = YES_ERROR;
				CLANG_WARN_RANGE_LOOP_ANALYSIS = YES;
				CLANG_WARN_STRICT_PROTOTYPES = YES;
				CLANG_WARN_SUSPICIOUS_MOVE = YES;
				CLANG_WARN_UNGUARDED_AVAILABILITY = YES_AGGRESSIVE;
				CLANG_WARN_UNREACHABLE_CODE = YES;
				CLANG_WARN__DUPLICATE_METHOD_MATCH = YES;
				CODE_SIGN_IDENTITY = "iPhone Developer";
				CODE_SIGN_STYLE = Automatic;
				COPY_PHASE_STRIP = NO;
				CURRENT_PROJECT_VERSION = 1;
				DEBUG_INFORMATION_FORMAT = "dwarf-with-dsym";
				DEFINES_MODULE = YES;
				DEVELOPMENT_TEAM = LSJ46BL3NY;
				DYLIB_COMPATIBILITY_VERSION = 1;
				DYLIB_CURRENT_VERSION = 1;
				DYLIB_INSTALL_NAME_BASE = "@rpath";
				ENABLE_NS_ASSERTIONS = NO;
				ENABLE_STRICT_OBJC_MSGSEND = YES;
				FRAMEWORK_SEARCH_PATHS = (
					"$(inherited)",
					"$(PROJECT_DIR)/Carthage/Build/iOS",
				);
				GCC_C_LANGUAGE_STANDARD = gnu11;
				GCC_NO_COMMON_BLOCKS = YES;
				GCC_WARN_64_TO_32_BIT_CONVERSION = YES;
				GCC_WARN_ABOUT_RETURN_TYPE = YES_ERROR;
				GCC_WARN_UNDECLARED_SELECTOR = YES;
				GCC_WARN_UNINITIALIZED_AUTOS = YES_AGGRESSIVE;
				GCC_WARN_UNUSED_FUNCTION = YES;
				GCC_WARN_UNUSED_VARIABLE = YES;
				INFOPLIST_FILE = ABSDKAccountKit/Info.plist;
				INSTALL_PATH = "$(LOCAL_LIBRARY_DIR)/Frameworks";
				IPHONEOS_DEPLOYMENT_TARGET = 11.0;
				LD_RUNPATH_SEARCH_PATHS = (
					"$(inherited)",
					"@executable_path/Frameworks",
					"@loader_path/Frameworks",
				);
				MTL_ENABLE_DEBUG_INFO = NO;
				PRODUCT_BUNDLE_IDENTIFIER = io.arcblock.ABSDKAccountKit;
				PRODUCT_NAME = "$(TARGET_NAME:c99extidentifier)";
				SDKROOT = iphoneos;
				SKIP_INSTALL = YES;
				TARGETED_DEVICE_FAMILY = "1,2";
				VALIDATE_PRODUCT = YES;
				VERSIONING_SYSTEM = "apple-generic";
				VERSION_INFO_PREFIX = "";
			};
			name = Release;
		};
		278EF37E20A0F54D00C99C1F /* Debug */ = {
			isa = XCBuildConfiguration;
			buildSettings = {
				ALWAYS_SEARCH_USER_PATHS = NO;
				CLANG_ANALYZER_NONNULL = YES;
				CLANG_ANALYZER_NUMBER_OBJECT_CONVERSION = YES_AGGRESSIVE;
				CLANG_CXX_LANGUAGE_STANDARD = "gnu++14";
				CLANG_CXX_LIBRARY = "libc++";
				CLANG_ENABLE_MODULES = YES;
				CLANG_ENABLE_OBJC_ARC = YES;
				CLANG_ENABLE_OBJC_WEAK = YES;
				CLANG_WARN_BLOCK_CAPTURE_AUTORELEASING = YES;
				CLANG_WARN_BOOL_CONVERSION = YES;
				CLANG_WARN_COMMA = YES;
				CLANG_WARN_CONSTANT_CONVERSION = YES;
				CLANG_WARN_DEPRECATED_OBJC_IMPLEMENTATIONS = YES;
				CLANG_WARN_DIRECT_OBJC_ISA_USAGE = YES_ERROR;
				CLANG_WARN_DOCUMENTATION_COMMENTS = YES;
				CLANG_WARN_EMPTY_BODY = YES;
				CLANG_WARN_ENUM_CONVERSION = YES;
				CLANG_WARN_INFINITE_RECURSION = YES;
				CLANG_WARN_INT_CONVERSION = YES;
				CLANG_WARN_NON_LITERAL_NULL_CONVERSION = YES;
				CLANG_WARN_OBJC_IMPLICIT_RETAIN_SELF = YES;
				CLANG_WARN_OBJC_LITERAL_CONVERSION = YES;
				CLANG_WARN_OBJC_ROOT_CLASS = YES_ERROR;
				CLANG_WARN_RANGE_LOOP_ANALYSIS = YES;
				CLANG_WARN_STRICT_PROTOTYPES = YES;
				CLANG_WARN_SUSPICIOUS_MOVE = YES;
				CLANG_WARN_UNGUARDED_AVAILABILITY = YES_AGGRESSIVE;
				CLANG_WARN_UNREACHABLE_CODE = YES;
				CLANG_WARN__DUPLICATE_METHOD_MATCH = YES;
				CODE_SIGN_IDENTITY = "iPhone Developer";
				CODE_SIGN_STYLE = Automatic;
				COPY_PHASE_STRIP = NO;
				DEBUG_INFORMATION_FORMAT = dwarf;
				DEVELOPMENT_TEAM = LSJ46BL3NY;
				ENABLE_STRICT_OBJC_MSGSEND = YES;
				ENABLE_TESTABILITY = YES;
				FRAMEWORK_SEARCH_PATHS = (
					"$(inherited)",
					"$(PROJECT_DIR)/Carthage/Build/iOS",
				);
				GCC_C_LANGUAGE_STANDARD = gnu11;
				GCC_DYNAMIC_NO_PIC = NO;
				GCC_NO_COMMON_BLOCKS = YES;
				GCC_OPTIMIZATION_LEVEL = 0;
				GCC_PREPROCESSOR_DEFINITIONS = (
					"DEBUG=1",
					"$(inherited)",
				);
				GCC_WARN_64_TO_32_BIT_CONVERSION = YES;
				GCC_WARN_ABOUT_RETURN_TYPE = YES_ERROR;
				GCC_WARN_UNDECLARED_SELECTOR = YES;
				GCC_WARN_UNINITIALIZED_AUTOS = YES_AGGRESSIVE;
				GCC_WARN_UNUSED_FUNCTION = YES;
				GCC_WARN_UNUSED_VARIABLE = YES;
				INFOPLIST_FILE = ABSDKAccountKitTests/Info.plist;
				IPHONEOS_DEPLOYMENT_TARGET = 11.3;
				LD_RUNPATH_SEARCH_PATHS = (
					"$(inherited)",
					"@executable_path/Frameworks",
					"@loader_path/Frameworks",
				);
				MTL_ENABLE_DEBUG_INFO = YES;
				ONLY_ACTIVE_ARCH = YES;
				PRODUCT_BUNDLE_IDENTIFIER = io.arcblock.ABSDKAccountKitTests;
				PRODUCT_NAME = "$(TARGET_NAME)";
				SDKROOT = iphoneos;
				SWIFT_OBJC_BRIDGING_HEADER = "ABSDKAccountKitTests/ABSDKAccountKitTests-Bridging-Header.h";
				SWIFT_OPTIMIZATION_LEVEL = "-Onone";
				SWIFT_VERSION = 4.2;
				TARGETED_DEVICE_FAMILY = "1,2";
			};
			name = Debug;
		};
		278EF37F20A0F54D00C99C1F /* Release */ = {
			isa = XCBuildConfiguration;
			buildSettings = {
				ALWAYS_SEARCH_USER_PATHS = NO;
				CLANG_ANALYZER_NONNULL = YES;
				CLANG_ANALYZER_NUMBER_OBJECT_CONVERSION = YES_AGGRESSIVE;
				CLANG_CXX_LANGUAGE_STANDARD = "gnu++14";
				CLANG_CXX_LIBRARY = "libc++";
				CLANG_ENABLE_MODULES = YES;
				CLANG_ENABLE_OBJC_ARC = YES;
				CLANG_ENABLE_OBJC_WEAK = YES;
				CLANG_WARN_BLOCK_CAPTURE_AUTORELEASING = YES;
				CLANG_WARN_BOOL_CONVERSION = YES;
				CLANG_WARN_COMMA = YES;
				CLANG_WARN_CONSTANT_CONVERSION = YES;
				CLANG_WARN_DEPRECATED_OBJC_IMPLEMENTATIONS = YES;
				CLANG_WARN_DIRECT_OBJC_ISA_USAGE = YES_ERROR;
				CLANG_WARN_DOCUMENTATION_COMMENTS = YES;
				CLANG_WARN_EMPTY_BODY = YES;
				CLANG_WARN_ENUM_CONVERSION = YES;
				CLANG_WARN_INFINITE_RECURSION = YES;
				CLANG_WARN_INT_CONVERSION = YES;
				CLANG_WARN_NON_LITERAL_NULL_CONVERSION = YES;
				CLANG_WARN_OBJC_IMPLICIT_RETAIN_SELF = YES;
				CLANG_WARN_OBJC_LITERAL_CONVERSION = YES;
				CLANG_WARN_OBJC_ROOT_CLASS = YES_ERROR;
				CLANG_WARN_RANGE_LOOP_ANALYSIS = YES;
				CLANG_WARN_STRICT_PROTOTYPES = YES;
				CLANG_WARN_SUSPICIOUS_MOVE = YES;
				CLANG_WARN_UNGUARDED_AVAILABILITY = YES_AGGRESSIVE;
				CLANG_WARN_UNREACHABLE_CODE = YES;
				CLANG_WARN__DUPLICATE_METHOD_MATCH = YES;
				CODE_SIGN_IDENTITY = "iPhone Developer";
				CODE_SIGN_STYLE = Automatic;
				COPY_PHASE_STRIP = NO;
				DEBUG_INFORMATION_FORMAT = "dwarf-with-dsym";
				DEVELOPMENT_TEAM = LSJ46BL3NY;
				ENABLE_NS_ASSERTIONS = NO;
				ENABLE_STRICT_OBJC_MSGSEND = YES;
				FRAMEWORK_SEARCH_PATHS = (
					"$(inherited)",
					"$(PROJECT_DIR)/Carthage/Build/iOS",
				);
				GCC_C_LANGUAGE_STANDARD = gnu11;
				GCC_NO_COMMON_BLOCKS = YES;
				GCC_WARN_64_TO_32_BIT_CONVERSION = YES;
				GCC_WARN_ABOUT_RETURN_TYPE = YES_ERROR;
				GCC_WARN_UNDECLARED_SELECTOR = YES;
				GCC_WARN_UNINITIALIZED_AUTOS = YES_AGGRESSIVE;
				GCC_WARN_UNUSED_FUNCTION = YES;
				GCC_WARN_UNUSED_VARIABLE = YES;
				INFOPLIST_FILE = ABSDKAccountKitTests/Info.plist;
				IPHONEOS_DEPLOYMENT_TARGET = 11.3;
				LD_RUNPATH_SEARCH_PATHS = (
					"$(inherited)",
					"@executable_path/Frameworks",
					"@loader_path/Frameworks",
				);
				MTL_ENABLE_DEBUG_INFO = NO;
				PRODUCT_BUNDLE_IDENTIFIER = io.arcblock.ABSDKAccountKitTests;
				PRODUCT_NAME = "$(TARGET_NAME)";
				SDKROOT = iphoneos;
				SWIFT_OBJC_BRIDGING_HEADER = "ABSDKAccountKitTests/ABSDKAccountKitTests-Bridging-Header.h";
				SWIFT_VERSION = 4.2;
				TARGETED_DEVICE_FAMILY = "1,2";
				VALIDATE_PRODUCT = YES;
			};
			name = Release;
		};
		278EF39720A0F5AC00C99C1F /* Debug */ = {
			isa = XCBuildConfiguration;
			buildSettings = {
				ALWAYS_EMBED_SWIFT_STANDARD_LIBRARIES = YES;
				ALWAYS_SEARCH_USER_PATHS = NO;
				CLANG_ANALYZER_NONNULL = YES;
				CLANG_ANALYZER_NUMBER_OBJECT_CONVERSION = YES_AGGRESSIVE;
				CLANG_CXX_LANGUAGE_STANDARD = "gnu++14";
				CLANG_CXX_LIBRARY = "libc++";
				CLANG_ENABLE_MODULES = YES;
				CLANG_ENABLE_OBJC_ARC = YES;
				CLANG_ENABLE_OBJC_WEAK = YES;
				CLANG_WARN_BLOCK_CAPTURE_AUTORELEASING = YES;
				CLANG_WARN_BOOL_CONVERSION = YES;
				CLANG_WARN_COMMA = YES;
				CLANG_WARN_CONSTANT_CONVERSION = YES;
				CLANG_WARN_DEPRECATED_OBJC_IMPLEMENTATIONS = YES;
				CLANG_WARN_DIRECT_OBJC_ISA_USAGE = YES_ERROR;
				CLANG_WARN_DOCUMENTATION_COMMENTS = YES;
				CLANG_WARN_EMPTY_BODY = YES;
				CLANG_WARN_ENUM_CONVERSION = YES;
				CLANG_WARN_INFINITE_RECURSION = YES;
				CLANG_WARN_INT_CONVERSION = YES;
				CLANG_WARN_NON_LITERAL_NULL_CONVERSION = YES;
				CLANG_WARN_OBJC_IMPLICIT_RETAIN_SELF = YES;
				CLANG_WARN_OBJC_LITERAL_CONVERSION = YES;
				CLANG_WARN_OBJC_ROOT_CLASS = YES_ERROR;
				CLANG_WARN_RANGE_LOOP_ANALYSIS = YES;
				CLANG_WARN_STRICT_PROTOTYPES = YES;
				CLANG_WARN_SUSPICIOUS_MOVE = YES;
				CLANG_WARN_UNGUARDED_AVAILABILITY = YES_AGGRESSIVE;
				CLANG_WARN_UNREACHABLE_CODE = YES;
				CLANG_WARN__DUPLICATE_METHOD_MATCH = YES;
				CODE_SIGN_IDENTITY = "iPhone Developer";
				CODE_SIGN_STYLE = Automatic;
				COPY_PHASE_STRIP = NO;
				CURRENT_PROJECT_VERSION = 1;
				DEBUG_INFORMATION_FORMAT = dwarf;
				DEFINES_MODULE = YES;
				DEVELOPMENT_TEAM = LSJ46BL3NY;
				DYLIB_COMPATIBILITY_VERSION = 1;
				DYLIB_CURRENT_VERSION = 1;
				DYLIB_INSTALL_NAME_BASE = "@rpath";
				ENABLE_STRICT_OBJC_MSGSEND = YES;
				ENABLE_TESTABILITY = YES;
				FRAMEWORK_SEARCH_PATHS = (
					"$(inherited)",
					"$(PROJECT_DIR)/Carthage/Build/iOS",
				);
				GCC_C_LANGUAGE_STANDARD = gnu11;
				GCC_DYNAMIC_NO_PIC = NO;
				GCC_NO_COMMON_BLOCKS = YES;
				GCC_OPTIMIZATION_LEVEL = 0;
				GCC_PREPROCESSOR_DEFINITIONS = (
					"DEBUG=1",
					"$(inherited)",
				);
				GCC_WARN_64_TO_32_BIT_CONVERSION = YES;
				GCC_WARN_ABOUT_RETURN_TYPE = YES_ERROR;
				GCC_WARN_UNDECLARED_SELECTOR = YES;
				GCC_WARN_UNINITIALIZED_AUTOS = YES_AGGRESSIVE;
				GCC_WARN_UNUSED_FUNCTION = YES;
				GCC_WARN_UNUSED_VARIABLE = YES;
				INFOPLIST_FILE = ABSDKMessagingKit/Info.plist;
				INSTALL_PATH = "$(LOCAL_LIBRARY_DIR)/Frameworks";
				IPHONEOS_DEPLOYMENT_TARGET = 11.0;
				LD_RUNPATH_SEARCH_PATHS = (
					"$(inherited)",
					"@executable_path/Frameworks",
					"@loader_path/Frameworks",
				);
				MTL_ENABLE_DEBUG_INFO = YES;
				ONLY_ACTIVE_ARCH = YES;
				PRODUCT_BUNDLE_IDENTIFIER = io.arcblock.ABSDKMessagingKit;
				PRODUCT_NAME = "$(TARGET_NAME:c99extidentifier)";
				SDKROOT = iphoneos;
				SKIP_INSTALL = YES;
				TARGETED_DEVICE_FAMILY = "1,2";
				VERSIONING_SYSTEM = "apple-generic";
				VERSION_INFO_PREFIX = "";
			};
			name = Debug;
		};
		278EF39820A0F5AC00C99C1F /* Release */ = {
			isa = XCBuildConfiguration;
			buildSettings = {
				ALWAYS_SEARCH_USER_PATHS = NO;
				CLANG_ANALYZER_NONNULL = YES;
				CLANG_ANALYZER_NUMBER_OBJECT_CONVERSION = YES_AGGRESSIVE;
				CLANG_CXX_LANGUAGE_STANDARD = "gnu++14";
				CLANG_CXX_LIBRARY = "libc++";
				CLANG_ENABLE_MODULES = YES;
				CLANG_ENABLE_OBJC_ARC = YES;
				CLANG_ENABLE_OBJC_WEAK = YES;
				CLANG_WARN_BLOCK_CAPTURE_AUTORELEASING = YES;
				CLANG_WARN_BOOL_CONVERSION = YES;
				CLANG_WARN_COMMA = YES;
				CLANG_WARN_CONSTANT_CONVERSION = YES;
				CLANG_WARN_DEPRECATED_OBJC_IMPLEMENTATIONS = YES;
				CLANG_WARN_DIRECT_OBJC_ISA_USAGE = YES_ERROR;
				CLANG_WARN_DOCUMENTATION_COMMENTS = YES;
				CLANG_WARN_EMPTY_BODY = YES;
				CLANG_WARN_ENUM_CONVERSION = YES;
				CLANG_WARN_INFINITE_RECURSION = YES;
				CLANG_WARN_INT_CONVERSION = YES;
				CLANG_WARN_NON_LITERAL_NULL_CONVERSION = YES;
				CLANG_WARN_OBJC_IMPLICIT_RETAIN_SELF = YES;
				CLANG_WARN_OBJC_LITERAL_CONVERSION = YES;
				CLANG_WARN_OBJC_ROOT_CLASS = YES_ERROR;
				CLANG_WARN_RANGE_LOOP_ANALYSIS = YES;
				CLANG_WARN_STRICT_PROTOTYPES = YES;
				CLANG_WARN_SUSPICIOUS_MOVE = YES;
				CLANG_WARN_UNGUARDED_AVAILABILITY = YES_AGGRESSIVE;
				CLANG_WARN_UNREACHABLE_CODE = YES;
				CLANG_WARN__DUPLICATE_METHOD_MATCH = YES;
				CODE_SIGN_IDENTITY = "iPhone Developer";
				CODE_SIGN_STYLE = Automatic;
				COPY_PHASE_STRIP = NO;
				CURRENT_PROJECT_VERSION = 1;
				DEBUG_INFORMATION_FORMAT = "dwarf-with-dsym";
				DEFINES_MODULE = YES;
				DEVELOPMENT_TEAM = LSJ46BL3NY;
				DYLIB_COMPATIBILITY_VERSION = 1;
				DYLIB_CURRENT_VERSION = 1;
				DYLIB_INSTALL_NAME_BASE = "@rpath";
				ENABLE_NS_ASSERTIONS = NO;
				ENABLE_STRICT_OBJC_MSGSEND = YES;
				FRAMEWORK_SEARCH_PATHS = (
					"$(inherited)",
					"$(PROJECT_DIR)/Carthage/Build/iOS",
				);
				GCC_C_LANGUAGE_STANDARD = gnu11;
				GCC_NO_COMMON_BLOCKS = YES;
				GCC_WARN_64_TO_32_BIT_CONVERSION = YES;
				GCC_WARN_ABOUT_RETURN_TYPE = YES_ERROR;
				GCC_WARN_UNDECLARED_SELECTOR = YES;
				GCC_WARN_UNINITIALIZED_AUTOS = YES_AGGRESSIVE;
				GCC_WARN_UNUSED_FUNCTION = YES;
				GCC_WARN_UNUSED_VARIABLE = YES;
				INFOPLIST_FILE = ABSDKMessagingKit/Info.plist;
				INSTALL_PATH = "$(LOCAL_LIBRARY_DIR)/Frameworks";
				IPHONEOS_DEPLOYMENT_TARGET = 11.0;
				LD_RUNPATH_SEARCH_PATHS = (
					"$(inherited)",
					"@executable_path/Frameworks",
					"@loader_path/Frameworks",
				);
				MTL_ENABLE_DEBUG_INFO = NO;
				PRODUCT_BUNDLE_IDENTIFIER = io.arcblock.ABSDKMessagingKit;
				PRODUCT_NAME = "$(TARGET_NAME:c99extidentifier)";
				SDKROOT = iphoneos;
				SKIP_INSTALL = YES;
				TARGETED_DEVICE_FAMILY = "1,2";
				VALIDATE_PRODUCT = YES;
				VERSIONING_SYSTEM = "apple-generic";
				VERSION_INFO_PREFIX = "";
			};
			name = Release;
		};
		278EF39A20A0F5AC00C99C1F /* Debug */ = {
			isa = XCBuildConfiguration;
			buildSettings = {
				ALWAYS_SEARCH_USER_PATHS = NO;
				CLANG_ANALYZER_NONNULL = YES;
				CLANG_ANALYZER_NUMBER_OBJECT_CONVERSION = YES_AGGRESSIVE;
				CLANG_CXX_LANGUAGE_STANDARD = "gnu++14";
				CLANG_CXX_LIBRARY = "libc++";
				CLANG_ENABLE_MODULES = YES;
				CLANG_ENABLE_OBJC_ARC = YES;
				CLANG_ENABLE_OBJC_WEAK = YES;
				CLANG_WARN_BLOCK_CAPTURE_AUTORELEASING = YES;
				CLANG_WARN_BOOL_CONVERSION = YES;
				CLANG_WARN_COMMA = YES;
				CLANG_WARN_CONSTANT_CONVERSION = YES;
				CLANG_WARN_DEPRECATED_OBJC_IMPLEMENTATIONS = YES;
				CLANG_WARN_DIRECT_OBJC_ISA_USAGE = YES_ERROR;
				CLANG_WARN_DOCUMENTATION_COMMENTS = YES;
				CLANG_WARN_EMPTY_BODY = YES;
				CLANG_WARN_ENUM_CONVERSION = YES;
				CLANG_WARN_INFINITE_RECURSION = YES;
				CLANG_WARN_INT_CONVERSION = YES;
				CLANG_WARN_NON_LITERAL_NULL_CONVERSION = YES;
				CLANG_WARN_OBJC_IMPLICIT_RETAIN_SELF = YES;
				CLANG_WARN_OBJC_LITERAL_CONVERSION = YES;
				CLANG_WARN_OBJC_ROOT_CLASS = YES_ERROR;
				CLANG_WARN_RANGE_LOOP_ANALYSIS = YES;
				CLANG_WARN_STRICT_PROTOTYPES = YES;
				CLANG_WARN_SUSPICIOUS_MOVE = YES;
				CLANG_WARN_UNGUARDED_AVAILABILITY = YES_AGGRESSIVE;
				CLANG_WARN_UNREACHABLE_CODE = YES;
				CLANG_WARN__DUPLICATE_METHOD_MATCH = YES;
				CODE_SIGN_IDENTITY = "iPhone Developer";
				CODE_SIGN_STYLE = Automatic;
				COPY_PHASE_STRIP = NO;
				DEBUG_INFORMATION_FORMAT = dwarf;
				DEVELOPMENT_TEAM = LSJ46BL3NY;
				ENABLE_STRICT_OBJC_MSGSEND = YES;
				ENABLE_TESTABILITY = YES;
				FRAMEWORK_SEARCH_PATHS = (
					"$(inherited)",
					"$(PROJECT_DIR)/Carthage/Build/iOS",
				);
				GCC_C_LANGUAGE_STANDARD = gnu11;
				GCC_DYNAMIC_NO_PIC = NO;
				GCC_NO_COMMON_BLOCKS = YES;
				GCC_OPTIMIZATION_LEVEL = 0;
				GCC_PREPROCESSOR_DEFINITIONS = (
					"DEBUG=1",
					"$(inherited)",
				);
				GCC_WARN_64_TO_32_BIT_CONVERSION = YES;
				GCC_WARN_ABOUT_RETURN_TYPE = YES_ERROR;
				GCC_WARN_UNDECLARED_SELECTOR = YES;
				GCC_WARN_UNINITIALIZED_AUTOS = YES_AGGRESSIVE;
				GCC_WARN_UNUSED_FUNCTION = YES;
				GCC_WARN_UNUSED_VARIABLE = YES;
				INFOPLIST_FILE = ABSDKMessagingKitTests/Info.plist;
				IPHONEOS_DEPLOYMENT_TARGET = 11.3;
				LD_RUNPATH_SEARCH_PATHS = (
					"$(inherited)",
					"@executable_path/Frameworks",
					"@loader_path/Frameworks",
				);
				MTL_ENABLE_DEBUG_INFO = YES;
				ONLY_ACTIVE_ARCH = YES;
				PRODUCT_BUNDLE_IDENTIFIER = io.arcblock.ABSDKMessagingKitTests;
				PRODUCT_NAME = "$(TARGET_NAME)";
				SDKROOT = iphoneos;
				SWIFT_OBJC_BRIDGING_HEADER = "ABSDKMessagingKitTests/ABSDKMessagingKitTests-Bridging-Header.h";
				SWIFT_OPTIMIZATION_LEVEL = "-Onone";
				SWIFT_VERSION = 4.2;
				TARGETED_DEVICE_FAMILY = "1,2";
			};
			name = Debug;
		};
		278EF39B20A0F5AC00C99C1F /* Release */ = {
			isa = XCBuildConfiguration;
			buildSettings = {
				ALWAYS_SEARCH_USER_PATHS = NO;
				CLANG_ANALYZER_NONNULL = YES;
				CLANG_ANALYZER_NUMBER_OBJECT_CONVERSION = YES_AGGRESSIVE;
				CLANG_CXX_LANGUAGE_STANDARD = "gnu++14";
				CLANG_CXX_LIBRARY = "libc++";
				CLANG_ENABLE_MODULES = YES;
				CLANG_ENABLE_OBJC_ARC = YES;
				CLANG_ENABLE_OBJC_WEAK = YES;
				CLANG_WARN_BLOCK_CAPTURE_AUTORELEASING = YES;
				CLANG_WARN_BOOL_CONVERSION = YES;
				CLANG_WARN_COMMA = YES;
				CLANG_WARN_CONSTANT_CONVERSION = YES;
				CLANG_WARN_DEPRECATED_OBJC_IMPLEMENTATIONS = YES;
				CLANG_WARN_DIRECT_OBJC_ISA_USAGE = YES_ERROR;
				CLANG_WARN_DOCUMENTATION_COMMENTS = YES;
				CLANG_WARN_EMPTY_BODY = YES;
				CLANG_WARN_ENUM_CONVERSION = YES;
				CLANG_WARN_INFINITE_RECURSION = YES;
				CLANG_WARN_INT_CONVERSION = YES;
				CLANG_WARN_NON_LITERAL_NULL_CONVERSION = YES;
				CLANG_WARN_OBJC_IMPLICIT_RETAIN_SELF = YES;
				CLANG_WARN_OBJC_LITERAL_CONVERSION = YES;
				CLANG_WARN_OBJC_ROOT_CLASS = YES_ERROR;
				CLANG_WARN_RANGE_LOOP_ANALYSIS = YES;
				CLANG_WARN_STRICT_PROTOTYPES = YES;
				CLANG_WARN_SUSPICIOUS_MOVE = YES;
				CLANG_WARN_UNGUARDED_AVAILABILITY = YES_AGGRESSIVE;
				CLANG_WARN_UNREACHABLE_CODE = YES;
				CLANG_WARN__DUPLICATE_METHOD_MATCH = YES;
				CODE_SIGN_IDENTITY = "iPhone Developer";
				CODE_SIGN_STYLE = Automatic;
				COPY_PHASE_STRIP = NO;
				DEBUG_INFORMATION_FORMAT = "dwarf-with-dsym";
				DEVELOPMENT_TEAM = LSJ46BL3NY;
				ENABLE_NS_ASSERTIONS = NO;
				ENABLE_STRICT_OBJC_MSGSEND = YES;
				FRAMEWORK_SEARCH_PATHS = (
					"$(inherited)",
					"$(PROJECT_DIR)/Carthage/Build/iOS",
				);
				GCC_C_LANGUAGE_STANDARD = gnu11;
				GCC_NO_COMMON_BLOCKS = YES;
				GCC_WARN_64_TO_32_BIT_CONVERSION = YES;
				GCC_WARN_ABOUT_RETURN_TYPE = YES_ERROR;
				GCC_WARN_UNDECLARED_SELECTOR = YES;
				GCC_WARN_UNINITIALIZED_AUTOS = YES_AGGRESSIVE;
				GCC_WARN_UNUSED_FUNCTION = YES;
				GCC_WARN_UNUSED_VARIABLE = YES;
				INFOPLIST_FILE = ABSDKMessagingKitTests/Info.plist;
				IPHONEOS_DEPLOYMENT_TARGET = 11.3;
				LD_RUNPATH_SEARCH_PATHS = (
					"$(inherited)",
					"@executable_path/Frameworks",
					"@loader_path/Frameworks",
				);
				MTL_ENABLE_DEBUG_INFO = NO;
				PRODUCT_BUNDLE_IDENTIFIER = io.arcblock.ABSDKMessagingKitTests;
				PRODUCT_NAME = "$(TARGET_NAME)";
				SDKROOT = iphoneos;
				SWIFT_OBJC_BRIDGING_HEADER = "ABSDKMessagingKitTests/ABSDKMessagingKitTests-Bridging-Header.h";
				SWIFT_VERSION = 4.2;
				TARGETED_DEVICE_FAMILY = "1,2";
				VALIDATE_PRODUCT = YES;
			};
			name = Release;
		};
		278EF3B320A0F5C200C99C1F /* Debug */ = {
			isa = XCBuildConfiguration;
			buildSettings = {
				ALWAYS_EMBED_SWIFT_STANDARD_LIBRARIES = YES;
				ALWAYS_SEARCH_USER_PATHS = NO;
				CLANG_ANALYZER_NONNULL = YES;
				CLANG_ANALYZER_NUMBER_OBJECT_CONVERSION = YES_AGGRESSIVE;
				CLANG_CXX_LANGUAGE_STANDARD = "gnu++14";
				CLANG_CXX_LIBRARY = "libc++";
				CLANG_ENABLE_MODULES = YES;
				CLANG_ENABLE_OBJC_ARC = YES;
				CLANG_ENABLE_OBJC_WEAK = YES;
				CLANG_WARN_BLOCK_CAPTURE_AUTORELEASING = YES;
				CLANG_WARN_BOOL_CONVERSION = YES;
				CLANG_WARN_COMMA = YES;
				CLANG_WARN_CONSTANT_CONVERSION = YES;
				CLANG_WARN_DEPRECATED_OBJC_IMPLEMENTATIONS = YES;
				CLANG_WARN_DIRECT_OBJC_ISA_USAGE = YES_ERROR;
				CLANG_WARN_DOCUMENTATION_COMMENTS = YES;
				CLANG_WARN_EMPTY_BODY = YES;
				CLANG_WARN_ENUM_CONVERSION = YES;
				CLANG_WARN_INFINITE_RECURSION = YES;
				CLANG_WARN_INT_CONVERSION = YES;
				CLANG_WARN_NON_LITERAL_NULL_CONVERSION = YES;
				CLANG_WARN_OBJC_IMPLICIT_RETAIN_SELF = YES;
				CLANG_WARN_OBJC_LITERAL_CONVERSION = YES;
				CLANG_WARN_OBJC_ROOT_CLASS = YES_ERROR;
				CLANG_WARN_RANGE_LOOP_ANALYSIS = YES;
				CLANG_WARN_STRICT_PROTOTYPES = YES;
				CLANG_WARN_SUSPICIOUS_MOVE = YES;
				CLANG_WARN_UNGUARDED_AVAILABILITY = YES_AGGRESSIVE;
				CLANG_WARN_UNREACHABLE_CODE = YES;
				CLANG_WARN__DUPLICATE_METHOD_MATCH = YES;
				CODE_SIGN_IDENTITY = "iPhone Developer";
				CODE_SIGN_STYLE = Automatic;
				COPY_PHASE_STRIP = NO;
				CURRENT_PROJECT_VERSION = 1;
				DEBUG_INFORMATION_FORMAT = dwarf;
				DEFINES_MODULE = YES;
				DEVELOPMENT_TEAM = LSJ46BL3NY;
				DYLIB_COMPATIBILITY_VERSION = 1;
				DYLIB_CURRENT_VERSION = 1;
				DYLIB_INSTALL_NAME_BASE = "@rpath";
				ENABLE_STRICT_OBJC_MSGSEND = YES;
				ENABLE_TESTABILITY = YES;
				FRAMEWORK_SEARCH_PATHS = (
					"$(inherited)",
					"$(PROJECT_DIR)/Carthage/Build/iOS",
				);
				GCC_C_LANGUAGE_STANDARD = gnu11;
				GCC_DYNAMIC_NO_PIC = NO;
				GCC_NO_COMMON_BLOCKS = YES;
				GCC_OPTIMIZATION_LEVEL = 0;
				GCC_PREPROCESSOR_DEFINITIONS = (
					"DEBUG=1",
					"$(inherited)",
				);
				GCC_WARN_64_TO_32_BIT_CONVERSION = YES;
				GCC_WARN_ABOUT_RETURN_TYPE = YES_ERROR;
				GCC_WARN_UNDECLARED_SELECTOR = YES;
				GCC_WARN_UNINITIALIZED_AUTOS = YES_AGGRESSIVE;
				GCC_WARN_UNUSED_FUNCTION = YES;
				GCC_WARN_UNUSED_VARIABLE = YES;
				INFOPLIST_FILE = ABSDKWalletKit/Info.plist;
				INSTALL_PATH = "$(LOCAL_LIBRARY_DIR)/Frameworks";
				IPHONEOS_DEPLOYMENT_TARGET = 11.0;
				LD_RUNPATH_SEARCH_PATHS = (
					"$(inherited)",
					"@executable_path/Frameworks",
					"@loader_path/Frameworks",
				);
				MTL_ENABLE_DEBUG_INFO = YES;
				ONLY_ACTIVE_ARCH = YES;
				PRODUCT_BUNDLE_IDENTIFIER = io.arcblock.ABSDKWalletKit;
				PRODUCT_NAME = "$(TARGET_NAME:c99extidentifier)";
				SDKROOT = iphoneos;
				SKIP_INSTALL = YES;
				TARGETED_DEVICE_FAMILY = "1,2";
				VERSIONING_SYSTEM = "apple-generic";
				VERSION_INFO_PREFIX = "";
			};
			name = Debug;
		};
		278EF3B420A0F5C200C99C1F /* Release */ = {
			isa = XCBuildConfiguration;
			buildSettings = {
				ALWAYS_SEARCH_USER_PATHS = NO;
				CLANG_ANALYZER_NONNULL = YES;
				CLANG_ANALYZER_NUMBER_OBJECT_CONVERSION = YES_AGGRESSIVE;
				CLANG_CXX_LANGUAGE_STANDARD = "gnu++14";
				CLANG_CXX_LIBRARY = "libc++";
				CLANG_ENABLE_MODULES = YES;
				CLANG_ENABLE_OBJC_ARC = YES;
				CLANG_ENABLE_OBJC_WEAK = YES;
				CLANG_WARN_BLOCK_CAPTURE_AUTORELEASING = YES;
				CLANG_WARN_BOOL_CONVERSION = YES;
				CLANG_WARN_COMMA = YES;
				CLANG_WARN_CONSTANT_CONVERSION = YES;
				CLANG_WARN_DEPRECATED_OBJC_IMPLEMENTATIONS = YES;
				CLANG_WARN_DIRECT_OBJC_ISA_USAGE = YES_ERROR;
				CLANG_WARN_DOCUMENTATION_COMMENTS = YES;
				CLANG_WARN_EMPTY_BODY = YES;
				CLANG_WARN_ENUM_CONVERSION = YES;
				CLANG_WARN_INFINITE_RECURSION = YES;
				CLANG_WARN_INT_CONVERSION = YES;
				CLANG_WARN_NON_LITERAL_NULL_CONVERSION = YES;
				CLANG_WARN_OBJC_IMPLICIT_RETAIN_SELF = YES;
				CLANG_WARN_OBJC_LITERAL_CONVERSION = YES;
				CLANG_WARN_OBJC_ROOT_CLASS = YES_ERROR;
				CLANG_WARN_RANGE_LOOP_ANALYSIS = YES;
				CLANG_WARN_STRICT_PROTOTYPES = YES;
				CLANG_WARN_SUSPICIOUS_MOVE = YES;
				CLANG_WARN_UNGUARDED_AVAILABILITY = YES_AGGRESSIVE;
				CLANG_WARN_UNREACHABLE_CODE = YES;
				CLANG_WARN__DUPLICATE_METHOD_MATCH = YES;
				CODE_SIGN_IDENTITY = "iPhone Developer";
				CODE_SIGN_STYLE = Automatic;
				COPY_PHASE_STRIP = NO;
				CURRENT_PROJECT_VERSION = 1;
				DEBUG_INFORMATION_FORMAT = "dwarf-with-dsym";
				DEFINES_MODULE = YES;
				DEVELOPMENT_TEAM = LSJ46BL3NY;
				DYLIB_COMPATIBILITY_VERSION = 1;
				DYLIB_CURRENT_VERSION = 1;
				DYLIB_INSTALL_NAME_BASE = "@rpath";
				ENABLE_NS_ASSERTIONS = NO;
				ENABLE_STRICT_OBJC_MSGSEND = YES;
				FRAMEWORK_SEARCH_PATHS = (
					"$(inherited)",
					"$(PROJECT_DIR)/Carthage/Build/iOS",
				);
				GCC_C_LANGUAGE_STANDARD = gnu11;
				GCC_NO_COMMON_BLOCKS = YES;
				GCC_WARN_64_TO_32_BIT_CONVERSION = YES;
				GCC_WARN_ABOUT_RETURN_TYPE = YES_ERROR;
				GCC_WARN_UNDECLARED_SELECTOR = YES;
				GCC_WARN_UNINITIALIZED_AUTOS = YES_AGGRESSIVE;
				GCC_WARN_UNUSED_FUNCTION = YES;
				GCC_WARN_UNUSED_VARIABLE = YES;
				INFOPLIST_FILE = ABSDKWalletKit/Info.plist;
				INSTALL_PATH = "$(LOCAL_LIBRARY_DIR)/Frameworks";
				IPHONEOS_DEPLOYMENT_TARGET = 11.0;
				LD_RUNPATH_SEARCH_PATHS = (
					"$(inherited)",
					"@executable_path/Frameworks",
					"@loader_path/Frameworks",
				);
				MTL_ENABLE_DEBUG_INFO = NO;
				PRODUCT_BUNDLE_IDENTIFIER = io.arcblock.ABSDKWalletKit;
				PRODUCT_NAME = "$(TARGET_NAME:c99extidentifier)";
				SDKROOT = iphoneos;
				SKIP_INSTALL = YES;
				TARGETED_DEVICE_FAMILY = "1,2";
				VALIDATE_PRODUCT = YES;
				VERSIONING_SYSTEM = "apple-generic";
				VERSION_INFO_PREFIX = "";
			};
			name = Release;
		};
		278EF3B620A0F5C200C99C1F /* Debug */ = {
			isa = XCBuildConfiguration;
			buildSettings = {
				ALWAYS_SEARCH_USER_PATHS = NO;
				CLANG_ANALYZER_NONNULL = YES;
				CLANG_ANALYZER_NUMBER_OBJECT_CONVERSION = YES_AGGRESSIVE;
				CLANG_CXX_LANGUAGE_STANDARD = "gnu++14";
				CLANG_CXX_LIBRARY = "libc++";
				CLANG_ENABLE_MODULES = YES;
				CLANG_ENABLE_OBJC_ARC = YES;
				CLANG_ENABLE_OBJC_WEAK = YES;
				CLANG_WARN_BLOCK_CAPTURE_AUTORELEASING = YES;
				CLANG_WARN_BOOL_CONVERSION = YES;
				CLANG_WARN_COMMA = YES;
				CLANG_WARN_CONSTANT_CONVERSION = YES;
				CLANG_WARN_DEPRECATED_OBJC_IMPLEMENTATIONS = YES;
				CLANG_WARN_DIRECT_OBJC_ISA_USAGE = YES_ERROR;
				CLANG_WARN_DOCUMENTATION_COMMENTS = YES;
				CLANG_WARN_EMPTY_BODY = YES;
				CLANG_WARN_ENUM_CONVERSION = YES;
				CLANG_WARN_INFINITE_RECURSION = YES;
				CLANG_WARN_INT_CONVERSION = YES;
				CLANG_WARN_NON_LITERAL_NULL_CONVERSION = YES;
				CLANG_WARN_OBJC_IMPLICIT_RETAIN_SELF = YES;
				CLANG_WARN_OBJC_LITERAL_CONVERSION = YES;
				CLANG_WARN_OBJC_ROOT_CLASS = YES_ERROR;
				CLANG_WARN_RANGE_LOOP_ANALYSIS = YES;
				CLANG_WARN_STRICT_PROTOTYPES = YES;
				CLANG_WARN_SUSPICIOUS_MOVE = YES;
				CLANG_WARN_UNGUARDED_AVAILABILITY = YES_AGGRESSIVE;
				CLANG_WARN_UNREACHABLE_CODE = YES;
				CLANG_WARN__DUPLICATE_METHOD_MATCH = YES;
				CODE_SIGN_IDENTITY = "iPhone Developer";
				CODE_SIGN_STYLE = Automatic;
				COPY_PHASE_STRIP = NO;
				DEBUG_INFORMATION_FORMAT = dwarf;
				DEVELOPMENT_TEAM = LSJ46BL3NY;
				ENABLE_STRICT_OBJC_MSGSEND = YES;
				ENABLE_TESTABILITY = YES;
				FRAMEWORK_SEARCH_PATHS = (
					"$(inherited)",
					"$(PROJECT_DIR)/Carthage/Build/iOS",
				);
				GCC_C_LANGUAGE_STANDARD = gnu11;
				GCC_DYNAMIC_NO_PIC = NO;
				GCC_NO_COMMON_BLOCKS = YES;
				GCC_OPTIMIZATION_LEVEL = 0;
				GCC_PREPROCESSOR_DEFINITIONS = (
					"DEBUG=1",
					"$(inherited)",
				);
				GCC_WARN_64_TO_32_BIT_CONVERSION = YES;
				GCC_WARN_ABOUT_RETURN_TYPE = YES_ERROR;
				GCC_WARN_UNDECLARED_SELECTOR = YES;
				GCC_WARN_UNINITIALIZED_AUTOS = YES_AGGRESSIVE;
				GCC_WARN_UNUSED_FUNCTION = YES;
				GCC_WARN_UNUSED_VARIABLE = YES;
				INFOPLIST_FILE = ABSDKWalletKitTests/Info.plist;
				IPHONEOS_DEPLOYMENT_TARGET = 11.3;
				LD_RUNPATH_SEARCH_PATHS = (
					"$(inherited)",
					"@executable_path/Frameworks",
					"@loader_path/Frameworks",
				);
				MTL_ENABLE_DEBUG_INFO = YES;
				ONLY_ACTIVE_ARCH = YES;
				PRODUCT_BUNDLE_IDENTIFIER = io.arcblock.ABSDKWalletKitTests;
				PRODUCT_NAME = "$(TARGET_NAME)";
				SDKROOT = iphoneos;
				SWIFT_OBJC_BRIDGING_HEADER = "ABSDKWalletKitTests/ABSDKWalletKitTests-Bridging-Header.h";
				SWIFT_OPTIMIZATION_LEVEL = "-Onone";
				SWIFT_VERSION = 4.2;
				TARGETED_DEVICE_FAMILY = "1,2";
			};
			name = Debug;
		};
		278EF3B720A0F5C200C99C1F /* Release */ = {
			isa = XCBuildConfiguration;
			buildSettings = {
				ALWAYS_SEARCH_USER_PATHS = NO;
				CLANG_ANALYZER_NONNULL = YES;
				CLANG_ANALYZER_NUMBER_OBJECT_CONVERSION = YES_AGGRESSIVE;
				CLANG_CXX_LANGUAGE_STANDARD = "gnu++14";
				CLANG_CXX_LIBRARY = "libc++";
				CLANG_ENABLE_MODULES = YES;
				CLANG_ENABLE_OBJC_ARC = YES;
				CLANG_ENABLE_OBJC_WEAK = YES;
				CLANG_WARN_BLOCK_CAPTURE_AUTORELEASING = YES;
				CLANG_WARN_BOOL_CONVERSION = YES;
				CLANG_WARN_COMMA = YES;
				CLANG_WARN_CONSTANT_CONVERSION = YES;
				CLANG_WARN_DEPRECATED_OBJC_IMPLEMENTATIONS = YES;
				CLANG_WARN_DIRECT_OBJC_ISA_USAGE = YES_ERROR;
				CLANG_WARN_DOCUMENTATION_COMMENTS = YES;
				CLANG_WARN_EMPTY_BODY = YES;
				CLANG_WARN_ENUM_CONVERSION = YES;
				CLANG_WARN_INFINITE_RECURSION = YES;
				CLANG_WARN_INT_CONVERSION = YES;
				CLANG_WARN_NON_LITERAL_NULL_CONVERSION = YES;
				CLANG_WARN_OBJC_IMPLICIT_RETAIN_SELF = YES;
				CLANG_WARN_OBJC_LITERAL_CONVERSION = YES;
				CLANG_WARN_OBJC_ROOT_CLASS = YES_ERROR;
				CLANG_WARN_RANGE_LOOP_ANALYSIS = YES;
				CLANG_WARN_STRICT_PROTOTYPES = YES;
				CLANG_WARN_SUSPICIOUS_MOVE = YES;
				CLANG_WARN_UNGUARDED_AVAILABILITY = YES_AGGRESSIVE;
				CLANG_WARN_UNREACHABLE_CODE = YES;
				CLANG_WARN__DUPLICATE_METHOD_MATCH = YES;
				CODE_SIGN_IDENTITY = "iPhone Developer";
				CODE_SIGN_STYLE = Automatic;
				COPY_PHASE_STRIP = NO;
				DEBUG_INFORMATION_FORMAT = "dwarf-with-dsym";
				DEVELOPMENT_TEAM = LSJ46BL3NY;
				ENABLE_NS_ASSERTIONS = NO;
				ENABLE_STRICT_OBJC_MSGSEND = YES;
				FRAMEWORK_SEARCH_PATHS = (
					"$(inherited)",
					"$(PROJECT_DIR)/Carthage/Build/iOS",
				);
				GCC_C_LANGUAGE_STANDARD = gnu11;
				GCC_NO_COMMON_BLOCKS = YES;
				GCC_WARN_64_TO_32_BIT_CONVERSION = YES;
				GCC_WARN_ABOUT_RETURN_TYPE = YES_ERROR;
				GCC_WARN_UNDECLARED_SELECTOR = YES;
				GCC_WARN_UNINITIALIZED_AUTOS = YES_AGGRESSIVE;
				GCC_WARN_UNUSED_FUNCTION = YES;
				GCC_WARN_UNUSED_VARIABLE = YES;
				INFOPLIST_FILE = ABSDKWalletKitTests/Info.plist;
				IPHONEOS_DEPLOYMENT_TARGET = 11.3;
				LD_RUNPATH_SEARCH_PATHS = (
					"$(inherited)",
					"@executable_path/Frameworks",
					"@loader_path/Frameworks",
				);
				MTL_ENABLE_DEBUG_INFO = NO;
				PRODUCT_BUNDLE_IDENTIFIER = io.arcblock.ABSDKWalletKitTests;
				PRODUCT_NAME = "$(TARGET_NAME)";
				SDKROOT = iphoneos;
				SWIFT_OBJC_BRIDGING_HEADER = "ABSDKWalletKitTests/ABSDKWalletKitTests-Bridging-Header.h";
				SWIFT_VERSION = 4.2;
				TARGETED_DEVICE_FAMILY = "1,2";
				VALIDATE_PRODUCT = YES;
			};
			name = Release;
		};
/* End XCBuildConfiguration section */

/* Begin XCConfigurationList section */
		277E6B5120A0DAB50054707E /* Build configuration list for PBXProject "ArcBlockSDK" */ = {
			isa = XCConfigurationList;
			buildConfigurations = (
				277E6B5220A0DAB60054707E /* Debug */,
				277E6B5320A0DAB60054707E /* Release */,
			);
			defaultConfigurationIsVisible = 0;
			defaultConfigurationName = Release;
		};
		277E6B8720A0DE340054707E /* Build configuration list for PBXNativeTarget "ABSDKCoreKit" */ = {
			isa = XCConfigurationList;
			buildConfigurations = (
				277E6B8820A0DE340054707E /* Debug */,
				277E6B8920A0DE340054707E /* Release */,
			);
			defaultConfigurationIsVisible = 0;
			defaultConfigurationName = Release;
		};
		277E6B8A20A0DE340054707E /* Build configuration list for PBXNativeTarget "ABSDKCoreKitTests" */ = {
			isa = XCConfigurationList;
			buildConfigurations = (
				277E6B8B20A0DE340054707E /* Debug */,
				277E6B8C20A0DE340054707E /* Release */,
			);
			defaultConfigurationIsVisible = 0;
			defaultConfigurationName = Release;
		};
		278EF37A20A0F54D00C99C1F /* Build configuration list for PBXNativeTarget "ABSDKAccountKit" */ = {
			isa = XCConfigurationList;
			buildConfigurations = (
				278EF37B20A0F54D00C99C1F /* Debug */,
				278EF37C20A0F54D00C99C1F /* Release */,
			);
			defaultConfigurationIsVisible = 0;
			defaultConfigurationName = Release;
		};
		278EF37D20A0F54D00C99C1F /* Build configuration list for PBXNativeTarget "ABSDKAccountKitTests" */ = {
			isa = XCConfigurationList;
			buildConfigurations = (
				278EF37E20A0F54D00C99C1F /* Debug */,
				278EF37F20A0F54D00C99C1F /* Release */,
			);
			defaultConfigurationIsVisible = 0;
			defaultConfigurationName = Release;
		};
		278EF39620A0F5AC00C99C1F /* Build configuration list for PBXNativeTarget "ABSDKMessagingKit" */ = {
			isa = XCConfigurationList;
			buildConfigurations = (
				278EF39720A0F5AC00C99C1F /* Debug */,
				278EF39820A0F5AC00C99C1F /* Release */,
			);
			defaultConfigurationIsVisible = 0;
			defaultConfigurationName = Release;
		};
		278EF39920A0F5AC00C99C1F /* Build configuration list for PBXNativeTarget "ABSDKMessagingKitTests" */ = {
			isa = XCConfigurationList;
			buildConfigurations = (
				278EF39A20A0F5AC00C99C1F /* Debug */,
				278EF39B20A0F5AC00C99C1F /* Release */,
			);
			defaultConfigurationIsVisible = 0;
			defaultConfigurationName = Release;
		};
		278EF3B220A0F5C200C99C1F /* Build configuration list for PBXNativeTarget "ABSDKWalletKit" */ = {
			isa = XCConfigurationList;
			buildConfigurations = (
				278EF3B320A0F5C200C99C1F /* Debug */,
				278EF3B420A0F5C200C99C1F /* Release */,
			);
			defaultConfigurationIsVisible = 0;
			defaultConfigurationName = Release;
		};
		278EF3B520A0F5C200C99C1F /* Build configuration list for PBXNativeTarget "ABSDKWalletKitTests" */ = {
			isa = XCConfigurationList;
			buildConfigurations = (
				278EF3B620A0F5C200C99C1F /* Debug */,
				278EF3B720A0F5C200C99C1F /* Release */,
			);
			defaultConfigurationIsVisible = 0;
			defaultConfigurationName = Release;
		};
/* End XCConfigurationList section */
	};
	rootObject = 277E6B4E20A0DAB50054707E /* Project object */;
}
