PODS:
  - Apollo (0.9.3)
  - ArcBlockSDK (0.7.7):
    - ArcBlockSDK/CoreKit (= 0.7.7)
  - ArcBlockSDK/CoreKit (0.7.7):
    - Apollo
    - ReachabilitySwift
    - SQLite.swift
    - SwiftPhoenixClient
  - ReachabilitySwift (4.2.1)
  - SQLite.swift (0.11.5):
    - SQLite.swift/standard (= 0.11.5)
  - SQLite.swift/standard (0.11.5)
  - Starscream (3.0.5)
  - SwiftPhoenixClient (0.9.2):
    - Starscream (~> 3.0.5)

DEPENDENCIES:
  - Apollo (from `https://github.com/ArcBlock/apollo-ios.git`)
  - ArcBlockSDK (from `../../`)

SPEC REPOS:
  https://github.com/cocoapods/specs.git:
    - ReachabilitySwift
    - SQLite.swift
    - Starscream
    - SwiftPhoenixClient

EXTERNAL SOURCES:
  Apollo:
    :git: https://github.com/ArcBlock/apollo-ios.git
  ArcBlockSDK:
    :path: "../../"

CHECKOUT OPTIONS:
  Apollo:
    :commit: 3c7f69d7e810dbe06803a8bdaf300ca4b03b5a85
    :git: https://github.com/ArcBlock/apollo-ios.git

SPEC CHECKSUMS:
  Apollo: fd28e323d946b2e7f086b8a38133a623fb4e7f25
  ArcBlockSDK: 4111159d1c6395d84d139ba1bac4c218c28e198a
  ReachabilitySwift: 35720ffea59c1c76d15f885be77fd33e33985427
  SQLite.swift: 6e5356850bb1791459f8c16d6ee9195b28714a2e
  Starscream: faf918b2f2eff7d5dd21180646bf015a669673bd
  SwiftPhoenixClient: e4cb4816a13330a96ef7841de8f1b747c9ee4f02

PODFILE CHECKSUM: 10755af4608656ee98538cad653acb4c26ed0c8c

COCOAPODS: 1.5.3
