PODS:
  - Apollo (0.9.1)
  - ArcBlockSDK/CoreKit (0.5.0):
    - Apollo
    - SQLite.swift
  - SQLite.swift (0.11.5):
    - SQLite.swift/standard (= 0.11.5)
  - SQLite.swift/standard (0.11.5)

DEPENDENCIES:
  - Apollo (from `https://github.com/ArcBlock/apollo-ios.git`)
  - ArcBlockSDK/CoreKit (from `../../`)

SPEC REPOS:
  https://github.com/cocoapods/specs.git:
    - SQLite.swift

EXTERNAL SOURCES:
  Apollo:
    :git: https://github.com/ArcBlock/apollo-ios.git
  ArcBlockSDK:
    :path: "../../"

CHECKOUT OPTIONS:
  Apollo:
    :commit: 14f4e2ffbc7ad58f17dbb3b54e2e4ab416163e46
    :git: https://github.com/ArcBlock/apollo-ios.git

SPEC CHECKSUMS:
  Apollo: 3e5119ee033bb5c50d5e69529c24a7a4059abd43
  ArcBlockSDK: 42470c33d71252544038ac6acb47be38afbe9a20
  SQLite.swift: 6e5356850bb1791459f8c16d6ee9195b28714a2e

PODFILE CHECKSUM: 09242c5614bad1f6b3cc329eb0d80cbfa03fa72e

COCOAPODS: 1.5.3
