// !$*UTF8*$!
{
	archiveVersion = 1;
	classes = {
	};
	objectVersion = 50;
	objects = {

/* Begin PBXBuildFile section */
		272225D020E20B7A00E2BBB3 /* AppDelegate.swift in Sources */ = {isa = PBXBuildFile; fileRef = 272225CF20E20B7A00E2BBB3 /* AppDelegate.swift */; };
		272225D520E20B7A00E2BBB3 /* Main.storyboard in Resources */ = {isa = PBXBuildFile; fileRef = 272225D320E20B7A00E2BBB3 /* Main.storyboard */; };
		272225D720E20B7C00E2BBB3 /* Assets.xcassets in Resources */ = {isa = PBXBuildFile; fileRef = 272225D620E20B7C00E2BBB3 /* Assets.xcassets */; };
		272225DA20E20B7C00E2BBB3 /* LaunchScreen.storyboard in Resources */ = {isa = PBXBuildFile; fileRef = 272225D820E20B7C00E2BBB3 /* LaunchScreen.storyboard */; };
		272225E520E20B7C00E2BBB3 /* ocap_demoTests.swift in Sources */ = {isa = PBXBuildFile; fileRef = 272225E420E20B7C00E2BBB3 /* ocap_demoTests.swift */; };
		272225F020E20B7C00E2BBB3 /* ocap_demoUITests.swift in Sources */ = {isa = PBXBuildFile; fileRef = 272225EF20E20B7C00E2BBB3 /* ocap_demoUITests.swift */; };
		2722260220E32E8E00E2BBB3 /* ocap.graphql in Resources */ = {isa = PBXBuildFile; fileRef = 2722260020E32E8E00E2BBB3 /* ocap.graphql */; };
		2722260320E32E8F00E2BBB3 /* schema.json in Resources */ = {isa = PBXBuildFile; fileRef = 2722260120E32E8E00E2BBB3 /* schema.json */; };
		2739E54D20E9D2A9009EA0C3 /* API.swift in Sources */ = {isa = PBXBuildFile; fileRef = 2739E54C20E9D2A9009EA0C3 /* API.swift */; };
		2749C33420ED1F43001D2E3D /* BlockDetailViewController.swift in Sources */ = {isa = PBXBuildFile; fileRef = 2749C33320ED1F43001D2E3D /* BlockDetailViewController.swift */; };
		2749C33620F361E1001D2E3D /* TransactionViewController.swift in Sources */ = {isa = PBXBuildFile; fileRef = 2749C33520F361E1001D2E3D /* TransactionViewController.swift */; };
		2791C21320FDD30B0011F0C0 /* RichestAccountsViewController.swift in Sources */ = {isa = PBXBuildFile; fileRef = 2791C21220FDD30B0011F0C0 /* RichestAccountsViewController.swift */; };
		2791C21720FF269B0011F0C0 /* AccountDetailViewController.swift in Sources */ = {isa = PBXBuildFile; fileRef = 2791C21620FF269B0011F0C0 /* AccountDetailViewController.swift */; };
		2791C21920FF2EF00011F0C0 /* TxsReceivedViewController.swift in Sources */ = {isa = PBXBuildFile; fileRef = 2791C21820FF2EF00011F0C0 /* TxsReceivedViewController.swift */; };
		2791C21B20FF3A660011F0C0 /* TxsSentViewController.swift in Sources */ = {isa = PBXBuildFile; fileRef = 2791C21A20FF3A660011F0C0 /* TxsSentViewController.swift */; };
		2791C2222100361D0011F0C0 /* TransactionListViewController.swift in Sources */ = {isa = PBXBuildFile; fileRef = 2791C2202100361D0011F0C0 /* TransactionListViewController.swift */; };
		2791C22521003CD40011F0C0 /* TransactionListCell.xib in Resources */ = {isa = PBXBuildFile; fileRef = 2791C22421003CD40011F0C0 /* TransactionListCell.xib */; };
		2791C22721003CEE0011F0C0 /* TransactionListCell.swift in Sources */ = {isa = PBXBuildFile; fileRef = 2791C22621003CEE0011F0C0 /* TransactionListCell.swift */; };
		2791C229210046B90011F0C0 /* BlockDetailView.xib in Resources */ = {isa = PBXBuildFile; fileRef = 2791C228210046B90011F0C0 /* BlockDetailView.xib */; };
		27B60BFD210063700079352C /* BlocksByHeightViewController.swift in Sources */ = {isa = PBXBuildFile; fileRef = 27B60BFC210063700079352C /* BlocksByHeightViewController.swift */; };
		29922C4571AAE760FE4D1E09 /* Pods_ocap_demoUITests.framework in Frameworks */ = {isa = PBXBuildFile; fileRef = 074787B86C52AD1B784E5C41 /* Pods_ocap_demoUITests.framework */; };
		5DEE64201E6844D97EFE0EA1 /* Pods_ocap_demo.framework in Frameworks */ = {isa = PBXBuildFile; fileRef = 1632CDB0BE2616E19E781AE6 /* Pods_ocap_demo.framework */; };
		DBD1980FE986DC499CEB3B99 /* Pods_ocap_demoTests.framework in Frameworks */ = {isa = PBXBuildFile; fileRef = 9F5FDA6EEDD7FB855B9511E5 /* Pods_ocap_demoTests.framework */; };
/* End PBXBuildFile section */

/* Begin PBXContainerItemProxy section */
		272225E120E20B7C00E2BBB3 /* PBXContainerItemProxy */ = {
			isa = PBXContainerItemProxy;
			containerPortal = 272225C420E20B7A00E2BBB3 /* Project object */;
			proxyType = 1;
			remoteGlobalIDString = 272225CB20E20B7A00E2BBB3;
			remoteInfo = "ocap-demo";
		};
		272225EC20E20B7C00E2BBB3 /* PBXContainerItemProxy */ = {
			isa = PBXContainerItemProxy;
			containerPortal = 272225C420E20B7A00E2BBB3 /* Project object */;
			proxyType = 1;
			remoteGlobalIDString = 272225CB20E20B7A00E2BBB3;
			remoteInfo = "ocap-demo";
		};
/* End PBXContainerItemProxy section */

/* Begin PBXFileReference section */
		07151DC0A5D45AE65E6638E8 /* Pods-ocap-demo.debug.xcconfig */ = {isa = PBXFileReference; includeInIndex = 1; lastKnownFileType = text.xcconfig; name = "Pods-ocap-demo.debug.xcconfig"; path = "Pods/Target Support Files/Pods-ocap-demo/Pods-ocap-demo.debug.xcconfig"; sourceTree = "<group>"; };
		074787B86C52AD1B784E5C41 /* Pods_ocap_demoUITests.framework */ = {isa = PBXFileReference; explicitFileType = wrapper.framework; includeInIndex = 0; path = Pods_ocap_demoUITests.framework; sourceTree = BUILT_PRODUCTS_DIR; };
		1632CDB0BE2616E19E781AE6 /* Pods_ocap_demo.framework */ = {isa = PBXFileReference; explicitFileType = wrapper.framework; includeInIndex = 0; path = Pods_ocap_demo.framework; sourceTree = BUILT_PRODUCTS_DIR; };
		272225CC20E20B7A00E2BBB3 /* ocap-demo.app */ = {isa = PBXFileReference; explicitFileType = wrapper.application; includeInIndex = 0; path = "ocap-demo.app"; sourceTree = BUILT_PRODUCTS_DIR; };
		272225CF20E20B7A00E2BBB3 /* AppDelegate.swift */ = {isa = PBXFileReference; lastKnownFileType = sourcecode.swift; path = AppDelegate.swift; sourceTree = "<group>"; };
		272225D420E20B7A00E2BBB3 /* Base */ = {isa = PBXFileReference; lastKnownFileType = file.storyboard; name = Base; path = Base.lproj/Main.storyboard; sourceTree = "<group>"; };
		272225D620E20B7C00E2BBB3 /* Assets.xcassets */ = {isa = PBXFileReference; lastKnownFileType = folder.assetcatalog; path = Assets.xcassets; sourceTree = "<group>"; };
		272225D920E20B7C00E2BBB3 /* Base */ = {isa = PBXFileReference; lastKnownFileType = file.storyboard; name = Base; path = Base.lproj/LaunchScreen.storyboard; sourceTree = "<group>"; };
		272225DB20E20B7C00E2BBB3 /* Info.plist */ = {isa = PBXFileReference; lastKnownFileType = text.plist.xml; path = Info.plist; sourceTree = "<group>"; };
		272225E020E20B7C00E2BBB3 /* ocap-demoTests.xctest */ = {isa = PBXFileReference; explicitFileType = wrapper.cfbundle; includeInIndex = 0; path = "ocap-demoTests.xctest"; sourceTree = BUILT_PRODUCTS_DIR; };
		272225E420E20B7C00E2BBB3 /* ocap_demoTests.swift */ = {isa = PBXFileReference; lastKnownFileType = sourcecode.swift; path = ocap_demoTests.swift; sourceTree = "<group>"; };
		272225E620E20B7C00E2BBB3 /* Info.plist */ = {isa = PBXFileReference; lastKnownFileType = text.plist.xml; path = Info.plist; sourceTree = "<group>"; };
		272225EB20E20B7C00E2BBB3 /* ocap-demoUITests.xctest */ = {isa = PBXFileReference; explicitFileType = wrapper.cfbundle; includeInIndex = 0; path = "ocap-demoUITests.xctest"; sourceTree = BUILT_PRODUCTS_DIR; };
		272225EF20E20B7C00E2BBB3 /* ocap_demoUITests.swift */ = {isa = PBXFileReference; lastKnownFileType = sourcecode.swift; path = ocap_demoUITests.swift; sourceTree = "<group>"; };
		272225F120E20B7C00E2BBB3 /* Info.plist */ = {isa = PBXFileReference; lastKnownFileType = text.plist.xml; path = Info.plist; sourceTree = "<group>"; };
		2722260020E32E8E00E2BBB3 /* ocap.graphql */ = {isa = PBXFileReference; fileEncoding = 4; lastKnownFileType = text; path = ocap.graphql; sourceTree = "<group>"; };
		2722260120E32E8E00E2BBB3 /* schema.json */ = {isa = PBXFileReference; fileEncoding = 4; lastKnownFileType = text.json; path = schema.json; sourceTree = "<group>"; };
		2739E54C20E9D2A9009EA0C3 /* API.swift */ = {isa = PBXFileReference; fileEncoding = 4; lastKnownFileType = sourcecode.swift; path = API.swift; sourceTree = "<group>"; };
		2749C33320ED1F43001D2E3D /* BlockDetailViewController.swift */ = {isa = PBXFileReference; lastKnownFileType = sourcecode.swift; path = BlockDetailViewController.swift; sourceTree = "<group>"; };
		2749C33520F361E1001D2E3D /* TransactionViewController.swift */ = {isa = PBXFileReference; lastKnownFileType = sourcecode.swift; path = TransactionViewController.swift; sourceTree = "<group>"; };
		2791C21220FDD30B0011F0C0 /* RichestAccountsViewController.swift */ = {isa = PBXFileReference; lastKnownFileType = sourcecode.swift; path = RichestAccountsViewController.swift; sourceTree = "<group>"; };
		2791C21620FF269B0011F0C0 /* AccountDetailViewController.swift */ = {isa = PBXFileReference; lastKnownFileType = sourcecode.swift; path = AccountDetailViewController.swift; sourceTree = "<group>"; };
		2791C21820FF2EF00011F0C0 /* TxsReceivedViewController.swift */ = {isa = PBXFileReference; lastKnownFileType = sourcecode.swift; path = TxsReceivedViewController.swift; sourceTree = "<group>"; };
		2791C21A20FF3A660011F0C0 /* TxsSentViewController.swift */ = {isa = PBXFileReference; lastKnownFileType = sourcecode.swift; path = TxsSentViewController.swift; sourceTree = "<group>"; };
		2791C2202100361D0011F0C0 /* TransactionListViewController.swift */ = {isa = PBXFileReference; lastKnownFileType = sourcecode.swift; path = TransactionListViewController.swift; sourceTree = "<group>"; };
		2791C22421003CD40011F0C0 /* TransactionListCell.xib */ = {isa = PBXFileReference; lastKnownFileType = file.xib; path = TransactionListCell.xib; sourceTree = "<group>"; };
		2791C22621003CEE0011F0C0 /* TransactionListCell.swift */ = {isa = PBXFileReference; lastKnownFileType = sourcecode.swift; path = TransactionListCell.swift; sourceTree = "<group>"; };
		2791C228210046B90011F0C0 /* BlockDetailView.xib */ = {isa = PBXFileReference; lastKnownFileType = file.xib; path = BlockDetailView.xib; sourceTree = "<group>"; };
		27B60BFC210063700079352C /* BlocksByHeightViewController.swift */ = {isa = PBXFileReference; fileEncoding = 4; lastKnownFileType = sourcecode.swift; path = BlocksByHeightViewController.swift; sourceTree = "<group>"; };
		5E0B075F01E0409CA51F5D84 /* Pods-ocap-demoTests.release.xcconfig */ = {isa = PBXFileReference; includeInIndex = 1; lastKnownFileType = text.xcconfig; name = "Pods-ocap-demoTests.release.xcconfig"; path = "Pods/Target Support Files/Pods-ocap-demoTests/Pods-ocap-demoTests.release.xcconfig"; sourceTree = "<group>"; };
		9F5FDA6EEDD7FB855B9511E5 /* Pods_ocap_demoTests.framework */ = {isa = PBXFileReference; explicitFileType = wrapper.framework; includeInIndex = 0; path = Pods_ocap_demoTests.framework; sourceTree = BUILT_PRODUCTS_DIR; };
		E26009757EFE9BF83355D1F7 /* Pods-ocap-demoTests.debug.xcconfig */ = {isa = PBXFileReference; includeInIndex = 1; lastKnownFileType = text.xcconfig; name = "Pods-ocap-demoTests.debug.xcconfig"; path = "Pods/Target Support Files/Pods-ocap-demoTests/Pods-ocap-demoTests.debug.xcconfig"; sourceTree = "<group>"; };
		E3AED37D620258A848282664 /* Pods-ocap-demoUITests.release.xcconfig */ = {isa = PBXFileReference; includeInIndex = 1; lastKnownFileType = text.xcconfig; name = "Pods-ocap-demoUITests.release.xcconfig"; path = "Pods/Target Support Files/Pods-ocap-demoUITests/Pods-ocap-demoUITests.release.xcconfig"; sourceTree = "<group>"; };
		FC26289B70668F06D40A3745 /* Pods-ocap-demoUITests.debug.xcconfig */ = {isa = PBXFileReference; includeInIndex = 1; lastKnownFileType = text.xcconfig; name = "Pods-ocap-demoUITests.debug.xcconfig"; path = "Pods/Target Support Files/Pods-ocap-demoUITests/Pods-ocap-demoUITests.debug.xcconfig"; sourceTree = "<group>"; };
		FDDC43CA41D76D523BD186E0 /* Pods-ocap-demo.release.xcconfig */ = {isa = PBXFileReference; includeInIndex = 1; lastKnownFileType = text.xcconfig; name = "Pods-ocap-demo.release.xcconfig"; path = "Pods/Target Support Files/Pods-ocap-demo/Pods-ocap-demo.release.xcconfig"; sourceTree = "<group>"; };
/* End PBXFileReference section */

/* Begin PBXFrameworksBuildPhase section */
		272225C920E20B7A00E2BBB3 /* Frameworks */ = {
			isa = PBXFrameworksBuildPhase;
			buildActionMask = 2147483647;
			files = (
				5DEE64201E6844D97EFE0EA1 /* Pods_ocap_demo.framework in Frameworks */,
			);
			runOnlyForDeploymentPostprocessing = 0;
		};
		272225DD20E20B7C00E2BBB3 /* Frameworks */ = {
			isa = PBXFrameworksBuildPhase;
			buildActionMask = 2147483647;
			files = (
				DBD1980FE986DC499CEB3B99 /* Pods_ocap_demoTests.framework in Frameworks */,
			);
			runOnlyForDeploymentPostprocessing = 0;
		};
		272225E820E20B7C00E2BBB3 /* Frameworks */ = {
			isa = PBXFrameworksBuildPhase;
			buildActionMask = 2147483647;
			files = (
				29922C4571AAE760FE4D1E09 /* Pods_ocap_demoUITests.framework in Frameworks */,
			);
			runOnlyForDeploymentPostprocessing = 0;
		};
/* End PBXFrameworksBuildPhase section */

/* Begin PBXGroup section */
		272225C320E20B7A00E2BBB3 = {
			isa = PBXGroup;
			children = (
				272225CE20E20B7A00E2BBB3 /* ocap-demo */,
				272225E320E20B7C00E2BBB3 /* ocap-demoTests */,
				272225EE20E20B7C00E2BBB3 /* ocap-demoUITests */,
				272225CD20E20B7A00E2BBB3 /* Products */,
				B7A80E925FCC96866083AF02 /* Pods */,
				C3994728D077BBDA950FCC73 /* Frameworks */,
			);
			sourceTree = "<group>";
		};
		272225CD20E20B7A00E2BBB3 /* Products */ = {
			isa = PBXGroup;
			children = (
				272225CC20E20B7A00E2BBB3 /* ocap-demo.app */,
				272225E020E20B7C00E2BBB3 /* ocap-demoTests.xctest */,
				272225EB20E20B7C00E2BBB3 /* ocap-demoUITests.xctest */,
			);
			name = Products;
			sourceTree = "<group>";
		};
		272225CE20E20B7A00E2BBB3 /* ocap-demo */ = {
			isa = PBXGroup;
			children = (
				2791C22C21004F770011F0C0 /* Account */,
				2791C22B21004F450011F0C0 /* Block Detail */,
				2791C22A21004F290011F0C0 /* Transactions */,
				2739E54C20E9D2A9009EA0C3 /* API.swift */,
				272225CF20E20B7A00E2BBB3 /* AppDelegate.swift */,
				272225D620E20B7C00E2BBB3 /* Assets.xcassets */,
				27B60BFC210063700079352C /* BlocksByHeightViewController.swift */,
				2791C21220FDD30B0011F0C0 /* RichestAccountsViewController.swift */,
				272225DB20E20B7C00E2BBB3 /* Info.plist */,
				272225D820E20B7C00E2BBB3 /* LaunchScreen.storyboard */,
				272225D320E20B7A00E2BBB3 /* Main.storyboard */,
				2722260020E32E8E00E2BBB3 /* ocap.graphql */,
				2722260120E32E8E00E2BBB3 /* schema.json */,
			);
			path = "ocap-demo";
			sourceTree = "<group>";
		};
		272225E320E20B7C00E2BBB3 /* ocap-demoTests */ = {
			isa = PBXGroup;
			children = (
				272225E420E20B7C00E2BBB3 /* ocap_demoTests.swift */,
				272225E620E20B7C00E2BBB3 /* Info.plist */,
			);
			path = "ocap-demoTests";
			sourceTree = "<group>";
		};
		272225EE20E20B7C00E2BBB3 /* ocap-demoUITests */ = {
			isa = PBXGroup;
			children = (
				272225EF20E20B7C00E2BBB3 /* ocap_demoUITests.swift */,
				272225F120E20B7C00E2BBB3 /* Info.plist */,
			);
			path = "ocap-demoUITests";
			sourceTree = "<group>";
		};
		2791C22A21004F290011F0C0 /* Transactions */ = {
			isa = PBXGroup;
			children = (
				2749C33520F361E1001D2E3D /* TransactionViewController.swift */,
				2791C2202100361D0011F0C0 /* TransactionListViewController.swift */,
				2791C22421003CD40011F0C0 /* TransactionListCell.xib */,
				2791C22621003CEE0011F0C0 /* TransactionListCell.swift */,
			);
			path = Transactions;
			sourceTree = "<group>";
		};
		2791C22B21004F450011F0C0 /* Block Detail */ = {
			isa = PBXGroup;
			children = (
				2749C33320ED1F43001D2E3D /* BlockDetailViewController.swift */,
				2791C228210046B90011F0C0 /* BlockDetailView.xib */,
			);
			path = "Block Detail";
			sourceTree = "<group>";
		};
		2791C22C21004F770011F0C0 /* Account */ = {
			isa = PBXGroup;
			children = (
				2791C21620FF269B0011F0C0 /* AccountDetailViewController.swift */,
				2791C21820FF2EF00011F0C0 /* TxsReceivedViewController.swift */,
				2791C21A20FF3A660011F0C0 /* TxsSentViewController.swift */,
			);
			path = Account;
			sourceTree = "<group>";
		};
		B7A80E925FCC96866083AF02 /* Pods */ = {
			isa = PBXGroup;
			children = (
				07151DC0A5D45AE65E6638E8 /* Pods-ocap-demo.debug.xcconfig */,
				FDDC43CA41D76D523BD186E0 /* Pods-ocap-demo.release.xcconfig */,
				E26009757EFE9BF83355D1F7 /* Pods-ocap-demoTests.debug.xcconfig */,
				5E0B075F01E0409CA51F5D84 /* Pods-ocap-demoTests.release.xcconfig */,
				FC26289B70668F06D40A3745 /* Pods-ocap-demoUITests.debug.xcconfig */,
				E3AED37D620258A848282664 /* Pods-ocap-demoUITests.release.xcconfig */,
			);
			name = Pods;
			sourceTree = "<group>";
		};
		C3994728D077BBDA950FCC73 /* Frameworks */ = {
			isa = PBXGroup;
			children = (
				1632CDB0BE2616E19E781AE6 /* Pods_ocap_demo.framework */,
				9F5FDA6EEDD7FB855B9511E5 /* Pods_ocap_demoTests.framework */,
				074787B86C52AD1B784E5C41 /* Pods_ocap_demoUITests.framework */,
			);
			name = Frameworks;
			sourceTree = "<group>";
		};
/* End PBXGroup section */

/* Begin PBXNativeTarget section */
		272225CB20E20B7A00E2BBB3 /* ocap-demo */ = {
			isa = PBXNativeTarget;
			buildConfigurationList = 272225F420E20B7C00E2BBB3 /* Build configuration list for PBXNativeTarget "ocap-demo" */;
			buildPhases = (
				B913157BD75EA16499B8A844 /* [CP] Check Pods Manifest.lock */,
				272225C820E20B7A00E2BBB3 /* Sources */,
				272225C920E20B7A00E2BBB3 /* Frameworks */,
				272225CA20E20B7A00E2BBB3 /* Resources */,
				83D7CBDDF819C7DB70E8D4BB /* [CP] Embed Pods Frameworks */,
			);
			buildRules = (
			);
			dependencies = (
			);
			name = "ocap-demo";
			productName = "ocap-demo";
			productReference = 272225CC20E20B7A00E2BBB3 /* ocap-demo.app */;
			productType = "com.apple.product-type.application";
		};
		272225DF20E20B7C00E2BBB3 /* ocap-demoTests */ = {
			isa = PBXNativeTarget;
			buildConfigurationList = 272225F720E20B7C00E2BBB3 /* Build configuration list for PBXNativeTarget "ocap-demoTests" */;
			buildPhases = (
				3C36C9AE06C1AD30EC336DC1 /* [CP] Check Pods Manifest.lock */,
				272225DC20E20B7C00E2BBB3 /* Sources */,
				272225DD20E20B7C00E2BBB3 /* Frameworks */,
				272225DE20E20B7C00E2BBB3 /* Resources */,
			);
			buildRules = (
			);
			dependencies = (
				272225E220E20B7C00E2BBB3 /* PBXTargetDependency */,
			);
			name = "ocap-demoTests";
			productName = "ocap-demoTests";
			productReference = 272225E020E20B7C00E2BBB3 /* ocap-demoTests.xctest */;
			productType = "com.apple.product-type.bundle.unit-test";
		};
		272225EA20E20B7C00E2BBB3 /* ocap-demoUITests */ = {
			isa = PBXNativeTarget;
			buildConfigurationList = 272225FA20E20B7C00E2BBB3 /* Build configuration list for PBXNativeTarget "ocap-demoUITests" */;
			buildPhases = (
				F4B39571EA2BED8B2F7D6252 /* [CP] Check Pods Manifest.lock */,
				272225E720E20B7C00E2BBB3 /* Sources */,
				272225E820E20B7C00E2BBB3 /* Frameworks */,
				272225E920E20B7C00E2BBB3 /* Resources */,
			);
			buildRules = (
			);
			dependencies = (
				272225ED20E20B7C00E2BBB3 /* PBXTargetDependency */,
			);
			name = "ocap-demoUITests";
			productName = "ocap-demoUITests";
			productReference = 272225EB20E20B7C00E2BBB3 /* ocap-demoUITests.xctest */;
			productType = "com.apple.product-type.bundle.ui-testing";
		};
/* End PBXNativeTarget section */

/* Begin PBXProject section */
		272225C420E20B7A00E2BBB3 /* Project object */ = {
			isa = PBXProject;
			attributes = {
				LastSwiftUpdateCheck = 0940;
				LastUpgradeCheck = 0940;
				ORGANIZATIONNAME = ArcBlock;
				TargetAttributes = {
					272225CB20E20B7A00E2BBB3 = {
						CreatedOnToolsVersion = 9.4.1;
					};
					272225DF20E20B7C00E2BBB3 = {
						CreatedOnToolsVersion = 9.4.1;
						TestTargetID = 272225CB20E20B7A00E2BBB3;
					};
					272225EA20E20B7C00E2BBB3 = {
						CreatedOnToolsVersion = 9.4.1;
						TestTargetID = 272225CB20E20B7A00E2BBB3;
					};
				};
			};
			buildConfigurationList = 272225C720E20B7A00E2BBB3 /* Build configuration list for PBXProject "ocap-demo" */;
			compatibilityVersion = "Xcode 9.3";
			developmentRegion = en;
			hasScannedForEncodings = 0;
			knownRegions = (
				en,
				Base,
			);
			mainGroup = 272225C320E20B7A00E2BBB3;
			productRefGroup = 272225CD20E20B7A00E2BBB3 /* Products */;
			projectDirPath = "";
			projectRoot = "";
			targets = (
				272225CB20E20B7A00E2BBB3 /* ocap-demo */,
				272225DF20E20B7C00E2BBB3 /* ocap-demoTests */,
				272225EA20E20B7C00E2BBB3 /* ocap-demoUITests */,
			);
		};
/* End PBXProject section */

/* Begin PBXResourcesBuildPhase section */
		272225CA20E20B7A00E2BBB3 /* Resources */ = {
			isa = PBXResourcesBuildPhase;
			buildActionMask = 2147483647;
			files = (
				2722260220E32E8E00E2BBB3 /* ocap.graphql in Resources */,
				2722260320E32E8F00E2BBB3 /* schema.json in Resources */,
				272225DA20E20B7C00E2BBB3 /* LaunchScreen.storyboard in Resources */,
				2791C22521003CD40011F0C0 /* TransactionListCell.xib in Resources */,
				2791C229210046B90011F0C0 /* BlockDetailView.xib in Resources */,
				272225D720E20B7C00E2BBB3 /* Assets.xcassets in Resources */,
				272225D520E20B7A00E2BBB3 /* Main.storyboard in Resources */,
			);
			runOnlyForDeploymentPostprocessing = 0;
		};
		272225DE20E20B7C00E2BBB3 /* Resources */ = {
			isa = PBXResourcesBuildPhase;
			buildActionMask = 2147483647;
			files = (
			);
			runOnlyForDeploymentPostprocessing = 0;
		};
		272225E920E20B7C00E2BBB3 /* Resources */ = {
			isa = PBXResourcesBuildPhase;
			buildActionMask = 2147483647;
			files = (
			);
			runOnlyForDeploymentPostprocessing = 0;
		};
/* End PBXResourcesBuildPhase section */

/* Begin PBXShellScriptBuildPhase section */
		3C36C9AE06C1AD30EC336DC1 /* [CP] Check Pods Manifest.lock */ = {
			isa = PBXShellScriptBuildPhase;
			buildActionMask = 2147483647;
			files = (
			);
			inputPaths = (
				"${PODS_PODFILE_DIR_PATH}/Podfile.lock",
				"${PODS_ROOT}/Manifest.lock",
			);
			name = "[CP] Check Pods Manifest.lock";
			outputPaths = (
				"$(DERIVED_FILE_DIR)/Pods-ocap-demoTests-checkManifestLockResult.txt",
			);
			runOnlyForDeploymentPostprocessing = 0;
			shellPath = /bin/sh;
			shellScript = "diff \"${PODS_PODFILE_DIR_PATH}/Podfile.lock\" \"${PODS_ROOT}/Manifest.lock\" > /dev/null\nif [ $? != 0 ] ; then\n    # print error to STDERR\n    echo \"error: The sandbox is not in sync with the Podfile.lock. Run 'pod install' or update your CocoaPods installation.\" >&2\n    exit 1\nfi\n# This output is used by Xcode 'outputs' to avoid re-running this script phase.\necho \"SUCCESS\" > \"${SCRIPT_OUTPUT_FILE_0}\"\n";
			showEnvVarsInLog = 0;
		};
		83D7CBDDF819C7DB70E8D4BB /* [CP] Embed Pods Frameworks */ = {
			isa = PBXShellScriptBuildPhase;
			buildActionMask = 2147483647;
			files = (
			);
			inputPaths = (
				"${SRCROOT}/Pods/Target Support Files/Pods-ocap-demo/Pods-ocap-demo-frameworks.sh",
				"${BUILT_PRODUCTS_DIR}/Apollo/Apollo.framework",
				"${BUILT_PRODUCTS_DIR}/ArcBlockSDK/ArcBlockSDK.framework",
				"${BUILT_PRODUCTS_DIR}/ReachabilitySwift/Reachability.framework",
				"${BUILT_PRODUCTS_DIR}/SQLite.swift/SQLite.framework",
			);
			name = "[CP] Embed Pods Frameworks";
			outputPaths = (
				"${TARGET_BUILD_DIR}/${FRAMEWORKS_FOLDER_PATH}/Apollo.framework",
				"${TARGET_BUILD_DIR}/${FRAMEWORKS_FOLDER_PATH}/ArcBlockSDK.framework",
				"${TARGET_BUILD_DIR}/${FRAMEWORKS_FOLDER_PATH}/Reachability.framework",
				"${TARGET_BUILD_DIR}/${FRAMEWORKS_FOLDER_PATH}/SQLite.framework",
			);
			runOnlyForDeploymentPostprocessing = 0;
			shellPath = /bin/sh;
			shellScript = "\"${SRCROOT}/Pods/Target Support Files/Pods-ocap-demo/Pods-ocap-demo-frameworks.sh\"\n";
			showEnvVarsInLog = 0;
		};
		B913157BD75EA16499B8A844 /* [CP] Check Pods Manifest.lock */ = {
			isa = PBXShellScriptBuildPhase;
			buildActionMask = 2147483647;
			files = (
			);
			inputPaths = (
				"${PODS_PODFILE_DIR_PATH}/Podfile.lock",
				"${PODS_ROOT}/Manifest.lock",
			);
			name = "[CP] Check Pods Manifest.lock";
			outputPaths = (
				"$(DERIVED_FILE_DIR)/Pods-ocap-demo-checkManifestLockResult.txt",
			);
			runOnlyForDeploymentPostprocessing = 0;
			shellPath = /bin/sh;
			shellScript = "diff \"${PODS_PODFILE_DIR_PATH}/Podfile.lock\" \"${PODS_ROOT}/Manifest.lock\" > /dev/null\nif [ $? != 0 ] ; then\n    # print error to STDERR\n    echo \"error: The sandbox is not in sync with the Podfile.lock. Run 'pod install' or update your CocoaPods installation.\" >&2\n    exit 1\nfi\n# This output is used by Xcode 'outputs' to avoid re-running this script phase.\necho \"SUCCESS\" > \"${SCRIPT_OUTPUT_FILE_0}\"\n";
			showEnvVarsInLog = 0;
		};
		F4B39571EA2BED8B2F7D6252 /* [CP] Check Pods Manifest.lock */ = {
			isa = PBXShellScriptBuildPhase;
			buildActionMask = 2147483647;
			files = (
			);
			inputPaths = (
				"${PODS_PODFILE_DIR_PATH}/Podfile.lock",
				"${PODS_ROOT}/Manifest.lock",
			);
			name = "[CP] Check Pods Manifest.lock";
			outputPaths = (
				"$(DERIVED_FILE_DIR)/Pods-ocap-demoUITests-checkManifestLockResult.txt",
			);
			runOnlyForDeploymentPostprocessing = 0;
			shellPath = /bin/sh;
			shellScript = "diff \"${PODS_PODFILE_DIR_PATH}/Podfile.lock\" \"${PODS_ROOT}/Manifest.lock\" > /dev/null\nif [ $? != 0 ] ; then\n    # print error to STDERR\n    echo \"error: The sandbox is not in sync with the Podfile.lock. Run 'pod install' or update your CocoaPods installation.\" >&2\n    exit 1\nfi\n# This output is used by Xcode 'outputs' to avoid re-running this script phase.\necho \"SUCCESS\" > \"${SCRIPT_OUTPUT_FILE_0}\"\n";
			showEnvVarsInLog = 0;
		};
/* End PBXShellScriptBuildPhase section */

/* Begin PBXSourcesBuildPhase section */
		272225C820E20B7A00E2BBB3 /* Sources */ = {
			isa = PBXSourcesBuildPhase;
			buildActionMask = 2147483647;
			files = (
				2791C21720FF269B0011F0C0 /* AccountDetailViewController.swift in Sources */,
				2791C22721003CEE0011F0C0 /* TransactionListCell.swift in Sources */,
				2791C2222100361D0011F0C0 /* TransactionListViewController.swift in Sources */,
				2749C33620F361E1001D2E3D /* TransactionViewController.swift in Sources */,
				27B60BFD210063700079352C /* BlocksByHeightViewController.swift in Sources */,
				2739E54D20E9D2A9009EA0C3 /* API.swift in Sources */,
				2791C21320FDD30B0011F0C0 /* RichestAccountsViewController.swift in Sources */,
				272225D020E20B7A00E2BBB3 /* AppDelegate.swift in Sources */,
				2749C33420ED1F43001D2E3D /* BlockDetailViewController.swift in Sources */,
				2791C21920FF2EF00011F0C0 /* TxsReceivedViewController.swift in Sources */,
				2791C21B20FF3A660011F0C0 /* TxsSentViewController.swift in Sources */,
			);
			runOnlyForDeploymentPostprocessing = 0;
		};
		272225DC20E20B7C00E2BBB3 /* Sources */ = {
			isa = PBXSourcesBuildPhase;
			buildActionMask = 2147483647;
			files = (
				272225E520E20B7C00E2BBB3 /* ocap_demoTests.swift in Sources */,
			);
			runOnlyForDeploymentPostprocessing = 0;
		};
		272225E720E20B7C00E2BBB3 /* Sources */ = {
			isa = PBXSourcesBuildPhase;
			buildActionMask = 2147483647;
			files = (
				272225F020E20B7C00E2BBB3 /* ocap_demoUITests.swift in Sources */,
			);
			runOnlyForDeploymentPostprocessing = 0;
		};
/* End PBXSourcesBuildPhase section */

/* Begin PBXTargetDependency section */
		272225E220E20B7C00E2BBB3 /* PBXTargetDependency */ = {
			isa = PBXTargetDependency;
			target = 272225CB20E20B7A00E2BBB3 /* ocap-demo */;
			targetProxy = 272225E120E20B7C00E2BBB3 /* PBXContainerItemProxy */;
		};
		272225ED20E20B7C00E2BBB3 /* PBXTargetDependency */ = {
			isa = PBXTargetDependency;
			target = 272225CB20E20B7A00E2BBB3 /* ocap-demo */;
			targetProxy = 272225EC20E20B7C00E2BBB3 /* PBXContainerItemProxy */;
		};
/* End PBXTargetDependency section */

/* Begin PBXVariantGroup section */
		272225D320E20B7A00E2BBB3 /* Main.storyboard */ = {
			isa = PBXVariantGroup;
			children = (
				272225D420E20B7A00E2BBB3 /* Base */,
			);
			name = Main.storyboard;
			sourceTree = "<group>";
		};
		272225D820E20B7C00E2BBB3 /* LaunchScreen.storyboard */ = {
			isa = PBXVariantGroup;
			children = (
				272225D920E20B7C00E2BBB3 /* Base */,
			);
			name = LaunchScreen.storyboard;
			sourceTree = "<group>";
		};
/* End PBXVariantGroup section */

/* Begin XCBuildConfiguration section */
		272225F220E20B7C00E2BBB3 /* Debug */ = {
			isa = XCBuildConfiguration;
			buildSettings = {
				ALWAYS_SEARCH_USER_PATHS = NO;
				CLANG_ANALYZER_NONNULL = YES;
				CLANG_ANALYZER_NUMBER_OBJECT_CONVERSION = YES_AGGRESSIVE;
				CLANG_CXX_LANGUAGE_STANDARD = "gnu++14";
				CLANG_CXX_LIBRARY = "libc++";
				CLANG_ENABLE_MODULES = YES;
				CLANG_ENABLE_OBJC_ARC = YES;
				CLANG_ENABLE_OBJC_WEAK = YES;
				CLANG_WARN_BLOCK_CAPTURE_AUTORELEASING = YES;
				CLANG_WARN_BOOL_CONVERSION = YES;
				CLANG_WARN_COMMA = YES;
				CLANG_WARN_CONSTANT_CONVERSION = YES;
				CLANG_WARN_DEPRECATED_OBJC_IMPLEMENTATIONS = YES;
				CLANG_WARN_DIRECT_OBJC_ISA_USAGE = YES_ERROR;
				CLANG_WARN_DOCUMENTATION_COMMENTS = YES;
				CLANG_WARN_EMPTY_BODY = YES;
				CLANG_WARN_ENUM_CONVERSION = YES;
				CLANG_WARN_INFINITE_RECURSION = YES;
				CLANG_WARN_INT_CONVERSION = YES;
				CLANG_WARN_NON_LITERAL_NULL_CONVERSION = YES;
				CLANG_WARN_OBJC_IMPLICIT_RETAIN_SELF = YES;
				CLANG_WARN_OBJC_LITERAL_CONVERSION = YES;
				CLANG_WARN_OBJC_ROOT_CLASS = YES_ERROR;
				CLANG_WARN_RANGE_LOOP_ANALYSIS = YES;
				CLANG_WARN_STRICT_PROTOTYPES = YES;
				CLANG_WARN_SUSPICIOUS_MOVE = YES;
				CLANG_WARN_UNGUARDED_AVAILABILITY = YES_AGGRESSIVE;
				CLANG_WARN_UNREACHABLE_CODE = YES;
				CLANG_WARN__DUPLICATE_METHOD_MATCH = YES;
				CODE_SIGN_IDENTITY = "iPhone Developer";
				COPY_PHASE_STRIP = NO;
				DEBUG_INFORMATION_FORMAT = dwarf;
				ENABLE_STRICT_OBJC_MSGSEND = YES;
				ENABLE_TESTABILITY = YES;
				GCC_C_LANGUAGE_STANDARD = gnu11;
				GCC_DYNAMIC_NO_PIC = NO;
				GCC_NO_COMMON_BLOCKS = YES;
				GCC_OPTIMIZATION_LEVEL = 0;
				GCC_PREPROCESSOR_DEFINITIONS = (
					"DEBUG=1",
					"$(inherited)",
				);
				GCC_WARN_64_TO_32_BIT_CONVERSION = YES;
				GCC_WARN_ABOUT_RETURN_TYPE = YES_ERROR;
				GCC_WARN_UNDECLARED_SELECTOR = YES;
				GCC_WARN_UNINITIALIZED_AUTOS = YES_AGGRESSIVE;
				GCC_WARN_UNUSED_FUNCTION = YES;
				GCC_WARN_UNUSED_VARIABLE = YES;
				IPHONEOS_DEPLOYMENT_TARGET = 11.4;
				MTL_ENABLE_DEBUG_INFO = YES;
				ONLY_ACTIVE_ARCH = YES;
				SDKROOT = iphoneos;
				SWIFT_ACTIVE_COMPILATION_CONDITIONS = DEBUG;
				SWIFT_OPTIMIZATION_LEVEL = "-Onone";
			};
			name = Debug;
		};
		272225F320E20B7C00E2BBB3 /* Release */ = {
			isa = XCBuildConfiguration;
			buildSettings = {
				ALWAYS_SEARCH_USER_PATHS = NO;
				CLANG_ANALYZER_NONNULL = YES;
				CLANG_ANALYZER_NUMBER_OBJECT_CONVERSION = YES_AGGRESSIVE;
				CLANG_CXX_LANGUAGE_STANDARD = "gnu++14";
				CLANG_CXX_LIBRARY = "libc++";
				CLANG_ENABLE_MODULES = YES;
				CLANG_ENABLE_OBJC_ARC = YES;
				CLANG_ENABLE_OBJC_WEAK = YES;
				CLANG_WARN_BLOCK_CAPTURE_AUTORELEASING = YES;
				CLANG_WARN_BOOL_CONVERSION = YES;
				CLANG_WARN_COMMA = YES;
				CLANG_WARN_CONSTANT_CONVERSION = YES;
				CLANG_WARN_DEPRECATED_OBJC_IMPLEMENTATIONS = YES;
				CLANG_WARN_DIRECT_OBJC_ISA_USAGE = YES_ERROR;
				CLANG_WARN_DOCUMENTATION_COMMENTS = YES;
				CLANG_WARN_EMPTY_BODY = YES;
				CLANG_WARN_ENUM_CONVERSION = YES;
				CLANG_WARN_INFINITE_RECURSION = YES;
				CLANG_WARN_INT_CONVERSION = YES;
				CLANG_WARN_NON_LITERAL_NULL_CONVERSION = YES;
				CLANG_WARN_OBJC_IMPLICIT_RETAIN_SELF = YES;
				CLANG_WARN_OBJC_LITERAL_CONVERSION = YES;
				CLANG_WARN_OBJC_ROOT_CLASS = YES_ERROR;
				CLANG_WARN_RANGE_LOOP_ANALYSIS = YES;
				CLANG_WARN_STRICT_PROTOTYPES = YES;
				CLANG_WARN_SUSPICIOUS_MOVE = YES;
				CLANG_WARN_UNGUARDED_AVAILABILITY = YES_AGGRESSIVE;
				CLANG_WARN_UNREACHABLE_CODE = YES;
				CLANG_WARN__DUPLICATE_METHOD_MATCH = YES;
				CODE_SIGN_IDENTITY = "iPhone Developer";
				COPY_PHASE_STRIP = NO;
				DEBUG_INFORMATION_FORMAT = "dwarf-with-dsym";
				ENABLE_NS_ASSERTIONS = NO;
				ENABLE_STRICT_OBJC_MSGSEND = YES;
				GCC_C_LANGUAGE_STANDARD = gnu11;
				GCC_NO_COMMON_BLOCKS = YES;
				GCC_WARN_64_TO_32_BIT_CONVERSION = YES;
				GCC_WARN_ABOUT_RETURN_TYPE = YES_ERROR;
				GCC_WARN_UNDECLARED_SELECTOR = YES;
				GCC_WARN_UNINITIALIZED_AUTOS = YES_AGGRESSIVE;
				GCC_WARN_UNUSED_FUNCTION = YES;
				GCC_WARN_UNUSED_VARIABLE = YES;
				IPHONEOS_DEPLOYMENT_TARGET = 11.4;
				MTL_ENABLE_DEBUG_INFO = NO;
				SDKROOT = iphoneos;
				SWIFT_COMPILATION_MODE = wholemodule;
				SWIFT_OPTIMIZATION_LEVEL = "-O";
				VALIDATE_PRODUCT = YES;
			};
			name = Release;
		};
		272225F520E20B7C00E2BBB3 /* Debug */ = {
			isa = XCBuildConfiguration;
			baseConfigurationReference = 07151DC0A5D45AE65E6638E8 /* Pods-ocap-demo.debug.xcconfig */;
			buildSettings = {
				ASSETCATALOG_COMPILER_APPICON_NAME = AppIcon;
				CODE_SIGN_STYLE = Automatic;
				DEVELOPMENT_TEAM = LSJ46BL3NY;
				INFOPLIST_FILE = "ocap-demo/Info.plist";
				LD_RUNPATH_SEARCH_PATHS = (
					"$(inherited)",
					"@executable_path/Frameworks",
				);
				PRODUCT_BUNDLE_IDENTIFIER = "io.arcblock.ocap-demo";
				PRODUCT_NAME = "$(TARGET_NAME)";
				SWIFT_VERSION = 4.0;
				TARGETED_DEVICE_FAMILY = "1,2";
			};
			name = Debug;
		};
		272225F620E20B7C00E2BBB3 /* Release */ = {
			isa = XCBuildConfiguration;
			baseConfigurationReference = FDDC43CA41D76D523BD186E0 /* Pods-ocap-demo.release.xcconfig */;
			buildSettings = {
				ASSETCATALOG_COMPILER_APPICON_NAME = AppIcon;
				CODE_SIGN_STYLE = Automatic;
				DEVELOPMENT_TEAM = LSJ46BL3NY;
				INFOPLIST_FILE = "ocap-demo/Info.plist";
				LD_RUNPATH_SEARCH_PATHS = (
					"$(inherited)",
					"@executable_path/Frameworks",
				);
				PRODUCT_BUNDLE_IDENTIFIER = "io.arcblock.ocap-demo";
				PRODUCT_NAME = "$(TARGET_NAME)";
				SWIFT_VERSION = 4.0;
				TARGETED_DEVICE_FAMILY = "1,2";
			};
			name = Release;
		};
		272225F820E20B7C00E2BBB3 /* Debug */ = {
			isa = XCBuildConfiguration;
			baseConfigurationReference = E26009757EFE9BF83355D1F7 /* Pods-ocap-demoTests.debug.xcconfig */;
			buildSettings = {
				ALWAYS_EMBED_SWIFT_STANDARD_LIBRARIES = YES;
				BUNDLE_LOADER = "$(TEST_HOST)";
				CODE_SIGN_STYLE = Automatic;
				DEVELOPMENT_TEAM = LSJ46BL3NY;
				INFOPLIST_FILE = "ocap-demoTests/Info.plist";
				LD_RUNPATH_SEARCH_PATHS = (
					"$(inherited)",
					"@executable_path/Frameworks",
					"@loader_path/Frameworks",
				);
				PRODUCT_BUNDLE_IDENTIFIER = "io.arcblock.ocap-demoTests";
				PRODUCT_NAME = "$(TARGET_NAME)";
				SWIFT_VERSION = 4.0;
				TARGETED_DEVICE_FAMILY = "1,2";
				TEST_HOST = "$(BUILT_PRODUCTS_DIR)/ocap-demo.app/ocap-demo";
			};
			name = Debug;
		};
		272225F920E20B7C00E2BBB3 /* Release */ = {
			isa = XCBuildConfiguration;
			baseConfigurationReference = 5E0B075F01E0409CA51F5D84 /* Pods-ocap-demoTests.release.xcconfig */;
			buildSettings = {
				ALWAYS_EMBED_SWIFT_STANDARD_LIBRARIES = YES;
				BUNDLE_LOADER = "$(TEST_HOST)";
				CODE_SIGN_STYLE = Automatic;
				DEVELOPMENT_TEAM = LSJ46BL3NY;
				INFOPLIST_FILE = "ocap-demoTests/Info.plist";
				LD_RUNPATH_SEARCH_PATHS = (
					"$(inherited)",
					"@executable_path/Frameworks",
					"@loader_path/Frameworks",
				);
				PRODUCT_BUNDLE_IDENTIFIER = "io.arcblock.ocap-demoTests";
				PRODUCT_NAME = "$(TARGET_NAME)";
				SWIFT_VERSION = 4.0;
				TARGETED_DEVICE_FAMILY = "1,2";
				TEST_HOST = "$(BUILT_PRODUCTS_DIR)/ocap-demo.app/ocap-demo";
			};
			name = Release;
		};
		272225FB20E20B7C00E2BBB3 /* Debug */ = {
			isa = XCBuildConfiguration;
			baseConfigurationReference = FC26289B70668F06D40A3745 /* Pods-ocap-demoUITests.debug.xcconfig */;
			buildSettings = {
				ALWAYS_EMBED_SWIFT_STANDARD_LIBRARIES = YES;
				CODE_SIGN_STYLE = Automatic;
				DEVELOPMENT_TEAM = LSJ46BL3NY;
				INFOPLIST_FILE = "ocap-demoUITests/Info.plist";
				LD_RUNPATH_SEARCH_PATHS = (
					"$(inherited)",
					"@executable_path/Frameworks",
					"@loader_path/Frameworks",
				);
				PRODUCT_BUNDLE_IDENTIFIER = "io.arcblock.ocap-demoUITests";
				PRODUCT_NAME = "$(TARGET_NAME)";
				SWIFT_VERSION = 4.0;
				TARGETED_DEVICE_FAMILY = "1,2";
				TEST_TARGET_NAME = "ocap-demo";
			};
			name = Debug;
		};
		272225FC20E20B7C00E2BBB3 /* Release */ = {
			isa = XCBuildConfiguration;
			baseConfigurationReference = E3AED37D620258A848282664 /* Pods-ocap-demoUITests.release.xcconfig */;
			buildSettings = {
				ALWAYS_EMBED_SWIFT_STANDARD_LIBRARIES = YES;
				CODE_SIGN_STYLE = Automatic;
				DEVELOPMENT_TEAM = LSJ46BL3NY;
				INFOPLIST_FILE = "ocap-demoUITests/Info.plist";
				LD_RUNPATH_SEARCH_PATHS = (
					"$(inherited)",
					"@executable_path/Frameworks",
					"@loader_path/Frameworks",
				);
				PRODUCT_BUNDLE_IDENTIFIER = "io.arcblock.ocap-demoUITests";
				PRODUCT_NAME = "$(TARGET_NAME)";
				SWIFT_VERSION = 4.0;
				TARGETED_DEVICE_FAMILY = "1,2";
				TEST_TARGET_NAME = "ocap-demo";
			};
			name = Release;
		};
/* End XCBuildConfiguration section */

/* Begin XCConfigurationList section */
		272225C720E20B7A00E2BBB3 /* Build configuration list for PBXProject "ocap-demo" */ = {
			isa = XCConfigurationList;
			buildConfigurations = (
				272225F220E20B7C00E2BBB3 /* Debug */,
				272225F320E20B7C00E2BBB3 /* Release */,
			);
			defaultConfigurationIsVisible = 0;
			defaultConfigurationName = Release;
		};
		272225F420E20B7C00E2BBB3 /* Build configuration list for PBXNativeTarget "ocap-demo" */ = {
			isa = XCConfigurationList;
			buildConfigurations = (
				272225F520E20B7C00E2BBB3 /* Debug */,
				272225F620E20B7C00E2BBB3 /* Release */,
			);
			defaultConfigurationIsVisible = 0;
			defaultConfigurationName = Release;
		};
		272225F720E20B7C00E2BBB3 /* Build configuration list for PBXNativeTarget "ocap-demoTests" */ = {
			isa = XCConfigurationList;
			buildConfigurations = (
				272225F820E20B7C00E2BBB3 /* Debug */,
				272225F920E20B7C00E2BBB3 /* Release */,
			);
			defaultConfigurationIsVisible = 0;
			defaultConfigurationName = Release;
		};
		272225FA20E20B7C00E2BBB3 /* Build configuration list for PBXNativeTarget "ocap-demoUITests" */ = {
			isa = XCConfigurationList;
			buildConfigurations = (
				272225FB20E20B7C00E2BBB3 /* Debug */,
				272225FC20E20B7C00E2BBB3 /* Release */,
			);
			defaultConfigurationIsVisible = 0;
			defaultConfigurationName = Release;
		};
/* End XCConfigurationList section */
	};
	rootObject = 272225C420E20B7A00E2BBB3 /* Project object */;
}
