{
  "object": {
    "pins": [
      {
        "package": "jwt-kit",
        "repositoryURL": "https://github.com/vapor/jwt-kit",
        "state": {
          "branch": null,
          "revision": "b50b30b567726b14ac282aa6d3a42a52c1ebc8c0",
          "version": "4.2.2"
        }
      },
      {
        "package": "swift-crypto",
        "repositoryURL": "https://github.com/apple/swift-crypto.git",
        "state": {
          "branch": null,
          "revision": "0141f53dd525706c803b0c20aa8ad36f9ecd45e5",
          "version": "1.1.5"
        }
      }
    ]
  },
  "version": 1
}
